// !$*UTF8*$!
{
	archiveVersion = 1;
	classes = {
	};
	objectVersion = 46;
	objects = {

/* Begin PBXBuildFile section */
		843038B81D5921D000083ADE /* image.jpg in Resources */ = {isa = PBXBuildFile; fileRef = 843038B71D5921D000083ADE /* image.jpg */; };
		848EE67E1D48CFE700B7F780 /* iOSProjectTests.m in Sources */ = {isa = PBXBuildFile; fileRef = 848EE67D1D48CFE700B7F780 /* iOSProjectTests.m */; };
		848EE69A1D48D3EA00B7F780 /* Assets.xcassets in Resources */ = {isa = PBXBuildFile; fileRef = 848EE6901D48D3EA00B7F780 /* Assets.xcassets */; };
		848EE69B1D48D3EA00B7F780 /* LaunchScreen.storyboard in Resources */ = {isa = PBXBuildFile; fileRef = 848EE6911D48D3EA00B7F780 /* LaunchScreen.storyboard */; };
		848EE6C61D48D76400B7F780 /* Assets.xcassets in Resources */ = {isa = PBXBuildFile; fileRef = 848EE6901D48D3EA00B7F780 /* Assets.xcassets */; };
		848EE6C71D48D76800B7F780 /* LaunchScreen.storyboard in Resources */ = {isa = PBXBuildFile; fileRef = 848EE6911D48D3EA00B7F780 /* LaunchScreen.storyboard */; };
		848EE6CF1D48DD5300B7F780 /* Info.plist in Resources */ = {isa = PBXBuildFile; fileRef = 848EE6CD1D48DD5300B7F780 /* Info.plist */; };
		848EE6D01D48DD5300B7F780 /* main.m in Sources */ = {isa = PBXBuildFile; fileRef = 848EE6CE1D48DD5300B7F780 /* main.m */; };
		848EE6FD1D48F7FB00B7F780 /* AKIAppDelegate.m in Sources */ = {isa = PBXBuildFile; fileRef = 848EE6FC1D48F7FB00B7F780 /* AKIAppDelegate.m */; };
		848EE7091D490B1A00B7F780 /* Main.storyboard in Resources */ = {isa = PBXBuildFile; fileRef = 848EE7071D490B1A00B7F780 /* Main.storyboard */; };
		8498D66E1DA12C19004376FF /* NSArray+AKIExtensions.m in Sources */ = {isa = PBXBuildFile; fileRef = 8498D6261DA12C19004376FF /* NSArray+AKIExtensions.m */; };
		8498D66F1DA12C19004376FF /* NSBundle+AKIExtensions.m in Sources */ = {isa = PBXBuildFile; fileRef = 8498D6291DA12C19004376FF /* NSBundle+AKIExtensions.m */; };
		8498D6701DA12C19004376FF /* NSMutableArray+AKIExtension.m in Sources */ = {isa = PBXBuildFile; fileRef = 8498D62C1DA12C19004376FF /* NSMutableArray+AKIExtension.m */; };
		8498D6711DA12C19004376FF /* NSNotificationCenter+AKIExtensions.m in Sources */ = {isa = PBXBuildFile; fileRef = 8498D62F1DA12C19004376FF /* NSNotificationCenter+AKIExtensions.m */; };
		8498D6721DA12C19004376FF /* NSObject+AKIExtensions.m in Sources */ = {isa = PBXBuildFile; fileRef = 8498D6321DA12C19004376FF /* NSObject+AKIExtensions.m */; };
		8498D6731DA12C19004376FF /* NSString+AKIExtensions.m in Sources */ = {isa = PBXBuildFile; fileRef = 8498D6351DA12C19004376FF /* NSString+AKIExtensions.m */; };
		8498D6741DA12C19004376FF /* UINib+AKIExtensions.m in Sources */ = {isa = PBXBuildFile; fileRef = 8498D6381DA12C19004376FF /* UINib+AKIExtensions.m */; };
		8498D6751DA12C19004376FF /* AKIArrayChangeModel+AKIExtensions.m in Sources */ = {isa = PBXBuildFile; fileRef = 8498D63C1DA12C19004376FF /* AKIArrayChangeModel+AKIExtensions.m */; };
		8498D6761DA12C19004376FF /* UITableView+AKIExtensions.m in Sources */ = {isa = PBXBuildFile; fileRef = 8498D63E1DA12C19004376FF /* UITableView+AKIExtensions.m */; };
		8498D6771DA12C19004376FF /* UIViewController+AKIExtensions.m in Sources */ = {isa = PBXBuildFile; fileRef = 8498D6411DA12C19004376FF /* UIViewController+AKIExtensions.m */; };
		8498D6781DA12C19004376FF /* UIWindow+AKIExtensions.m in Sources */ = {isa = PBXBuildFile; fileRef = 8498D6441DA12C19004376FF /* UIWindow+AKIExtensions.m */; };
		8498D6791DA12C19004376FF /* AKIArrayModel.m in Sources */ = {isa = PBXBuildFile; fileRef = 8498D6481DA12C19004376FF /* AKIArrayModel.m */; };
		8498D67C1DA12C19004376FF /* AKIUsersArrayModel.m in Sources */ = {isa = PBXBuildFile; fileRef = 8498D6511DA12C19004376FF /* AKIUsersArrayModel.m */; };
		8498D67E1DA12C19004376FF /* AKIUser.m in Sources */ = {isa = PBXBuildFile; fileRef = 8498D6571DA12C19004376FF /* AKIUser.m */; };
		8498D67F1DA12C19004376FF /* AKIAbstractViewController.m in Sources */ = {isa = PBXBuildFile; fileRef = 8498D65B1DA12C19004376FF /* AKIAbstractViewController.m */; };
		8498D6801DA12C19004376FF /* AKIImageView.m in Sources */ = {isa = PBXBuildFile; fileRef = 8498D65F1DA12C19004376FF /* AKIImageView.m */; };
		8498D6811DA12C19004376FF /* AKILoadingViewContainer.m in Sources */ = {isa = PBXBuildFile; fileRef = 8498D6621DA12C19004376FF /* AKILoadingViewContainer.m */; };
		8498D6B41DA12C29004376FF /* AKIMacro.m in Sources */ = {isa = PBXBuildFile; fileRef = 8498D68A1DA12C29004376FF /* AKIMacro.m */; };
		8498D6B51DA12C29004376FF /* AKIGCD.m in Sources */ = {isa = PBXBuildFile; fileRef = 8498D68E1DA12C29004376FF /* AKIGCD.m */; };
		8498D6B61DA12C29004376FF /* AKIObservableObject.m in Sources */ = {isa = PBXBuildFile; fileRef = 8498D6911DA12C29004376FF /* AKIObservableObject.m */; };
		8498D6B71DA12C29004376FF /* AKITableViewCell.m in Sources */ = {isa = PBXBuildFile; fileRef = 8498D6941DA12C29004376FF /* AKITableViewCell.m */; };
		8498D6B81DA12C29004376FF /* AKIArrayChangeModel.m in Sources */ = {isa = PBXBuildFile; fileRef = 8498D6981DA12C29004376FF /* AKIArrayChangeModel.m */; };
		8498D6B91DA12C29004376FF /* AKIArrayChangeModelDelete.m in Sources */ = {isa = PBXBuildFile; fileRef = 8498D69D1DA12C29004376FF /* AKIArrayChangeModelDelete.m */; };
		8498D6BA1DA12C29004376FF /* AKIArrayChangeModelInsert.m in Sources */ = {isa = PBXBuildFile; fileRef = 8498D6A01DA12C29004376FF /* AKIArrayChangeModelInsert.m */; };
		8498D6BB1DA12C29004376FF /* AKIArrayChangeModelOneIndex.m in Sources */ = {isa = PBXBuildFile; fileRef = 8498D6A21DA12C29004376FF /* AKIArrayChangeModelOneIndex.m */; };
		8498D6BC1DA12C29004376FF /* AKIArrayChangeModelMove.m in Sources */ = {isa = PBXBuildFile; fileRef = 8498D6A61DA12C29004376FF /* AKIArrayChangeModelMove.m */; };
		8498D6BD1DA12C29004376FF /* AKIArrayChangeModelTwoIndexes.m in Sources */ = {isa = PBXBuildFile; fileRef = 8498D6A81DA12C29004376FF /* AKIArrayChangeModelTwoIndexes.m */; };
		8498D6BE1DA12C29004376FF /* AKIModel.m in Sources */ = {isa = PBXBuildFile; fileRef = 8498D6AB1DA12C29004376FF /* AKIModel.m */; };
		8498D6BF1DA12C29004376FF /* AKILoadingView.m in Sources */ = {isa = PBXBuildFile; fileRef = 8498D6AF1DA12C29004376FF /* AKILoadingView.m */; };
		8498D6C01DA12C29004376FF /* AKILoadingView.xib in Resources */ = {isa = PBXBuildFile; fileRef = 8498D6B01DA12C29004376FF /* AKILoadingView.xib */; };
		8498D6C11DA12C29004376FF /* AKIView.m in Sources */ = {isa = PBXBuildFile; fileRef = 8498D6B31DA12C29004376FF /* AKIView.m */; };
		84F9A95D1DA3C6CF00976209 /* NSFileManager+AKIExtensions.m in Sources */ = {isa = PBXBuildFile; fileRef = 84F9A95C1DA3C6CF00976209 /* NSFileManager+AKIExtensions.m */; };
		84F9A9891DA6858F00976209 /* AKIImageModel.m in Sources */ = {isa = PBXBuildFile; fileRef = 84F9A9801DA6858F00976209 /* AKIImageModel.m */; };
		84F9A98A1DA6858F00976209 /* AKIInternetImageModel.m in Sources */ = {isa = PBXBuildFile; fileRef = 84F9A9831DA6858F00976209 /* AKIInternetImageModel.m */; };
		84F9A98B1DA6858F00976209 /* AKILocalImageModel.m in Sources */ = {isa = PBXBuildFile; fileRef = 84F9A9861DA6858F00976209 /* AKILocalImageModel.m */; };
		84F9A99E1DA7CF5900976209 /* AKIImageModelCache.m in Sources */ = {isa = PBXBuildFile; fileRef = 84F9A99D1DA7CF5900976209 /* AKIImageModelCache.m */; };
		84F9A9A21DAA481E00976209 /* FBSDKCoreKit.framework in Frameworks */ = {isa = PBXBuildFile; fileRef = 84F9A99F1DAA481E00976209 /* FBSDKCoreKit.framework */; };
		84F9A9A31DAA481F00976209 /* FBSDKLoginKit.framework in Frameworks */ = {isa = PBXBuildFile; fileRef = 84F9A9A01DAA481E00976209 /* FBSDKLoginKit.framework */; };
		84F9A9A41DAA481F00976209 /* FBSDKShareKit.framework in Frameworks */ = {isa = PBXBuildFile; fileRef = 84F9A9A11DAA481E00976209 /* FBSDKShareKit.framework */; };
		84F9A9A61DAA4F4600976209 /* Bolts.framework in Frameworks */ = {isa = PBXBuildFile; fileRef = 84F9A9A51DAA4F4600976209 /* Bolts.framework */; };
		84F9A9B11DAAB70C00976209 /* AKIFacebookLoginViewController.m in Sources */ = {isa = PBXBuildFile; fileRef = 84F9A9AF1DAAB70C00976209 /* AKIFacebookLoginViewController.m */; };
		84F9A9B21DAAB70C00976209 /* AKIFacebookLoginViewController.xib in Resources */ = {isa = PBXBuildFile; fileRef = 84F9A9B01DAAB70C00976209 /* AKIFacebookLoginViewController.xib */; };
		84F9A9B71DAAB73F00976209 /* AKIFacebookFriendsViewController.m in Sources */ = {isa = PBXBuildFile; fileRef = 84F9A9B51DAAB73F00976209 /* AKIFacebookFriendsViewController.m */; };
		84F9A9B81DAAB73F00976209 /* AKIFacebookFriendsViewController.xib in Resources */ = {isa = PBXBuildFile; fileRef = 84F9A9B61DAAB73F00976209 /* AKIFacebookFriendsViewController.xib */; };
		84F9A9BD1DAAB76C00976209 /* AKIFacebookFriendDetailViewController.m in Sources */ = {isa = PBXBuildFile; fileRef = 84F9A9BB1DAAB76C00976209 /* AKIFacebookFriendDetailViewController.m */; };
		84F9A9BE1DAAB76C00976209 /* AKIFacebookFriendDetailViewController.xib in Resources */ = {isa = PBXBuildFile; fileRef = 84F9A9BC1DAAB76C00976209 /* AKIFacebookFriendDetailViewController.xib */; };
		84F9A9C31DAAC5C800976209 /* AKIFacebookNavigationViewController.m in Sources */ = {isa = PBXBuildFile; fileRef = 84F9A9C11DAAC5C800976209 /* AKIFacebookNavigationViewController.m */; };
		84F9A9C41DAAC5C800976209 /* AKIFacebookNavigationViewController.xib in Resources */ = {isa = PBXBuildFile; fileRef = 84F9A9C21DAAC5C800976209 /* AKIFacebookNavigationViewController.xib */; };
		84F9A9C81DAACBAE00976209 /* AKIFacebookLoginButton.m in Sources */ = {isa = PBXBuildFile; fileRef = 84F9A9C71DAACBAE00976209 /* AKIFacebookLoginButton.m */; };
		84F9A9D01DAAD02D00976209 /* AKIFacebookFriendsCell.m in Sources */ = {isa = PBXBuildFile; fileRef = 84F9A9CF1DAAD02D00976209 /* AKIFacebookFriendsCell.m */; };
		84F9A9D21DAAD06B00976209 /* AKIFacebookFriendsCell.xib in Resources */ = {isa = PBXBuildFile; fileRef = 84F9A9D11DAAD06B00976209 /* AKIFacebookFriendsCell.xib */; };
		84F9A9D71DABACC500976209 /* AKIFacebookFriendsView.m in Sources */ = {isa = PBXBuildFile; fileRef = 84F9A9D61DABACC500976209 /* AKIFacebookFriendsView.m */; };
		84F9A9DF1DABB98D00976209 /* AKIFacebookFriendsDetailView.m in Sources */ = {isa = PBXBuildFile; fileRef = 84F9A9DE1DABB98D00976209 /* AKIFacebookFriendsDetailView.m */; };
		84F9A9E31DABC41E00976209 /* AKIFacebookNavigationView.m in Sources */ = {isa = PBXBuildFile; fileRef = 84F9A9E21DABC41E00976209 /* AKIFacebookNavigationView.m */; };
		84F9A9E71DABD7B100976209 /* AKILoginButton.m in Sources */ = {isa = PBXBuildFile; fileRef = 84F9A9E61DABD7B100976209 /* AKILoginButton.m */; };
		84F9A9EB1DABD8F500976209 /* AKILoginButton.xib in Resources */ = {isa = PBXBuildFile; fileRef = 84F9A9EA1DABD8F500976209 /* AKILoginButton.xib */; };
		84F9A9EF1DABE34D00976209 /* AKIContext.m in Sources */ = {isa = PBXBuildFile; fileRef = 84F9A9EE1DABE34D00976209 /* AKIContext.m */; };
		84F9A9F31DABE39E00976209 /* AKILoginContext.m in Sources */ = {isa = PBXBuildFile; fileRef = 84F9A9F21DABE39E00976209 /* AKILoginContext.m */; };
		84F9A9F71DABE3BE00976209 /* AKIFriendsContext.m in Sources */ = {isa = PBXBuildFile; fileRef = 84F9A9F61DABE3BE00976209 /* AKIFriendsContext.m */; };
		C550B8DBB0EE0507BFA3F1C1 /* libPods-iOSProject.a in Frameworks */ = {isa = PBXBuildFile; fileRef = DAF4BDE66977EDE9EA23314F /* libPods-iOSProject.a */; };
		CEDD97692454920BF46A0BC8 /* libPods-iOSProjectTests.a in Frameworks */ = {isa = PBXBuildFile; fileRef = C1DD131D430834B8AAACB0A2 /* libPods-iOSProjectTests.a */; };
/* End PBXBuildFile section */

/* Begin PBXFileReference section */
		11302A621AB4E5C9756705C0 /* Pods-iOSProject.debug.xcconfig */ = {isa = PBXFileReference; includeInIndex = 1; lastKnownFileType = text.xcconfig; name = "Pods-iOSProject.debug.xcconfig"; path = "Pods/Target Support Files/Pods-iOSProject/Pods-iOSProject.debug.xcconfig"; sourceTree = "<group>"; };
		664109B08106708294D9A04F /* Pods-iOSProjectTests.release.xcconfig */ = {isa = PBXFileReference; includeInIndex = 1; lastKnownFileType = text.xcconfig; name = "Pods-iOSProjectTests.release.xcconfig"; path = "Pods/Target Support Files/Pods-iOSProjectTests/Pods-iOSProjectTests.release.xcconfig"; sourceTree = "<group>"; };
		6E034D21D28E3456E96FEDFC /* Pods-iOSProject.release.xcconfig */ = {isa = PBXFileReference; includeInIndex = 1; lastKnownFileType = text.xcconfig; name = "Pods-iOSProject.release.xcconfig"; path = "Pods/Target Support Files/Pods-iOSProject/Pods-iOSProject.release.xcconfig"; sourceTree = "<group>"; };
		843038B71D5921D000083ADE /* image.jpg */ = {isa = PBXFileReference; lastKnownFileType = image.jpeg; path = image.jpg; sourceTree = "<group>"; };
		848EE65D1D48CEEE00B7F780 /* iOSProject.app */ = {isa = PBXFileReference; explicitFileType = wrapper.application; includeInIndex = 0; path = iOSProject.app; sourceTree = BUILT_PRODUCTS_DIR; };
		848EE67B1D48CFE700B7F780 /* iOSProjectTests.xctest */ = {isa = PBXFileReference; explicitFileType = wrapper.cfbundle; includeInIndex = 0; path = iOSProjectTests.xctest; sourceTree = BUILT_PRODUCTS_DIR; };
		848EE67D1D48CFE700B7F780 /* iOSProjectTests.m */ = {isa = PBXFileReference; lastKnownFileType = sourcecode.c.objc; path = iOSProjectTests.m; sourceTree = "<group>"; };
		848EE6901D48D3EA00B7F780 /* Assets.xcassets */ = {isa = PBXFileReference; lastKnownFileType = folder.assetcatalog; path = Assets.xcassets; sourceTree = "<group>"; };
		848EE6921D48D3EA00B7F780 /* Base */ = {isa = PBXFileReference; lastKnownFileType = file.storyboard; name = Base; path = Base.lproj/LaunchScreen.storyboard; sourceTree = "<group>"; };
		848EE6CD1D48DD5300B7F780 /* Info.plist */ = {isa = PBXFileReference; fileEncoding = 4; lastKnownFileType = text.plist.xml; path = Info.plist; sourceTree = "<group>"; };
		848EE6CE1D48DD5300B7F780 /* main.m */ = {isa = PBXFileReference; fileEncoding = 4; lastKnownFileType = sourcecode.c.objc; path = main.m; sourceTree = "<group>"; };
		848EE6FB1D48F7FB00B7F780 /* AKIAppDelegate.h */ = {isa = PBXFileReference; fileEncoding = 4; lastKnownFileType = sourcecode.c.h; path = AKIAppDelegate.h; sourceTree = "<group>"; };
		848EE6FC1D48F7FB00B7F780 /* AKIAppDelegate.m */ = {isa = PBXFileReference; fileEncoding = 4; lastKnownFileType = sourcecode.c.objc; path = AKIAppDelegate.m; sourceTree = "<group>"; };
		848EE7081D490B1A00B7F780 /* Base */ = {isa = PBXFileReference; lastKnownFileType = file.storyboard; name = Base; path = Base.lproj/Main.storyboard; sourceTree = "<group>"; };
		8498D6251DA12C19004376FF /* NSArray+AKIExtensions.h */ = {isa = PBXFileReference; fileEncoding = 4; lastKnownFileType = sourcecode.c.h; path = "NSArray+AKIExtensions.h"; sourceTree = "<group>"; };
		8498D6261DA12C19004376FF /* NSArray+AKIExtensions.m */ = {isa = PBXFileReference; fileEncoding = 4; lastKnownFileType = sourcecode.c.objc; path = "NSArray+AKIExtensions.m"; sourceTree = "<group>"; };
		8498D6281DA12C19004376FF /* NSBundle+AKIExtensions.h */ = {isa = PBXFileReference; fileEncoding = 4; lastKnownFileType = sourcecode.c.h; path = "NSBundle+AKIExtensions.h"; sourceTree = "<group>"; };
		8498D6291DA12C19004376FF /* NSBundle+AKIExtensions.m */ = {isa = PBXFileReference; fileEncoding = 4; lastKnownFileType = sourcecode.c.objc; path = "NSBundle+AKIExtensions.m"; sourceTree = "<group>"; };
		8498D62B1DA12C19004376FF /* NSMutableArray+AKIExtension.h */ = {isa = PBXFileReference; fileEncoding = 4; lastKnownFileType = sourcecode.c.h; path = "NSMutableArray+AKIExtension.h"; sourceTree = "<group>"; };
		8498D62C1DA12C19004376FF /* NSMutableArray+AKIExtension.m */ = {isa = PBXFileReference; fileEncoding = 4; lastKnownFileType = sourcecode.c.objc; path = "NSMutableArray+AKIExtension.m"; sourceTree = "<group>"; };
		8498D62E1DA12C19004376FF /* NSNotificationCenter+AKIExtensions.h */ = {isa = PBXFileReference; fileEncoding = 4; lastKnownFileType = sourcecode.c.h; path = "NSNotificationCenter+AKIExtensions.h"; sourceTree = "<group>"; };
		8498D62F1DA12C19004376FF /* NSNotificationCenter+AKIExtensions.m */ = {isa = PBXFileReference; fileEncoding = 4; lastKnownFileType = sourcecode.c.objc; path = "NSNotificationCenter+AKIExtensions.m"; sourceTree = "<group>"; };
		8498D6311DA12C19004376FF /* NSObject+AKIExtensions.h */ = {isa = PBXFileReference; fileEncoding = 4; lastKnownFileType = sourcecode.c.h; path = "NSObject+AKIExtensions.h"; sourceTree = "<group>"; };
		8498D6321DA12C19004376FF /* NSObject+AKIExtensions.m */ = {isa = PBXFileReference; fileEncoding = 4; lastKnownFileType = sourcecode.c.objc; path = "NSObject+AKIExtensions.m"; sourceTree = "<group>"; };
		8498D6341DA12C19004376FF /* NSString+AKIExtensions.h */ = {isa = PBXFileReference; fileEncoding = 4; lastKnownFileType = sourcecode.c.h; path = "NSString+AKIExtensions.h"; sourceTree = "<group>"; };
		8498D6351DA12C19004376FF /* NSString+AKIExtensions.m */ = {isa = PBXFileReference; fileEncoding = 4; lastKnownFileType = sourcecode.c.objc; path = "NSString+AKIExtensions.m"; sourceTree = "<group>"; };
		8498D6371DA12C19004376FF /* UINib+AKIExtensions.h */ = {isa = PBXFileReference; fileEncoding = 4; lastKnownFileType = sourcecode.c.h; path = "UINib+AKIExtensions.h"; sourceTree = "<group>"; };
		8498D6381DA12C19004376FF /* UINib+AKIExtensions.m */ = {isa = PBXFileReference; fileEncoding = 4; lastKnownFileType = sourcecode.c.objc; path = "UINib+AKIExtensions.m"; sourceTree = "<group>"; };
		8498D63B1DA12C19004376FF /* AKIArrayChangeModel+AKIExtensions.h */ = {isa = PBXFileReference; fileEncoding = 4; lastKnownFileType = sourcecode.c.h; path = "AKIArrayChangeModel+AKIExtensions.h"; sourceTree = "<group>"; };
		8498D63C1DA12C19004376FF /* AKIArrayChangeModel+AKIExtensions.m */ = {isa = PBXFileReference; fileEncoding = 4; lastKnownFileType = sourcecode.c.objc; path = "AKIArrayChangeModel+AKIExtensions.m"; sourceTree = "<group>"; };
		8498D63D1DA12C19004376FF /* UITableView+AKIExtensions.h */ = {isa = PBXFileReference; fileEncoding = 4; lastKnownFileType = sourcecode.c.h; path = "UITableView+AKIExtensions.h"; sourceTree = "<group>"; };
		8498D63E1DA12C19004376FF /* UITableView+AKIExtensions.m */ = {isa = PBXFileReference; fileEncoding = 4; lastKnownFileType = sourcecode.c.objc; path = "UITableView+AKIExtensions.m"; sourceTree = "<group>"; };
		8498D6401DA12C19004376FF /* UIViewController+AKIExtensions.h */ = {isa = PBXFileReference; fileEncoding = 4; lastKnownFileType = sourcecode.c.h; path = "UIViewController+AKIExtensions.h"; sourceTree = "<group>"; };
		8498D6411DA12C19004376FF /* UIViewController+AKIExtensions.m */ = {isa = PBXFileReference; fileEncoding = 4; lastKnownFileType = sourcecode.c.objc; path = "UIViewController+AKIExtensions.m"; sourceTree = "<group>"; };
		8498D6431DA12C19004376FF /* UIWindow+AKIExtensions.h */ = {isa = PBXFileReference; fileEncoding = 4; lastKnownFileType = sourcecode.c.h; path = "UIWindow+AKIExtensions.h"; sourceTree = "<group>"; };
		8498D6441DA12C19004376FF /* UIWindow+AKIExtensions.m */ = {isa = PBXFileReference; fileEncoding = 4; lastKnownFileType = sourcecode.c.objc; path = "UIWindow+AKIExtensions.m"; sourceTree = "<group>"; };
		8498D6471DA12C19004376FF /* AKIArrayModel.h */ = {isa = PBXFileReference; fileEncoding = 4; lastKnownFileType = sourcecode.c.h; path = AKIArrayModel.h; sourceTree = "<group>"; };
		8498D6481DA12C19004376FF /* AKIArrayModel.m */ = {isa = PBXFileReference; fileEncoding = 4; lastKnownFileType = sourcecode.c.objc; path = AKIArrayModel.m; sourceTree = "<group>"; };
		8498D6501DA12C19004376FF /* AKIUsersArrayModel.h */ = {isa = PBXFileReference; fileEncoding = 4; lastKnownFileType = sourcecode.c.h; path = AKIUsersArrayModel.h; sourceTree = "<group>"; };
		8498D6511DA12C19004376FF /* AKIUsersArrayModel.m */ = {isa = PBXFileReference; fileEncoding = 4; lastKnownFileType = sourcecode.c.objc; path = AKIUsersArrayModel.m; sourceTree = "<group>"; };
		8498D6561DA12C19004376FF /* AKIUser.h */ = {isa = PBXFileReference; fileEncoding = 4; lastKnownFileType = sourcecode.c.h; path = AKIUser.h; sourceTree = "<group>"; };
		8498D6571DA12C19004376FF /* AKIUser.m */ = {isa = PBXFileReference; fileEncoding = 4; lastKnownFileType = sourcecode.c.objc; path = AKIUser.m; sourceTree = "<group>"; };
		8498D65A1DA12C19004376FF /* AKIAbstractViewController.h */ = {isa = PBXFileReference; fileEncoding = 4; lastKnownFileType = sourcecode.c.h; path = AKIAbstractViewController.h; sourceTree = "<group>"; };
		8498D65B1DA12C19004376FF /* AKIAbstractViewController.m */ = {isa = PBXFileReference; fileEncoding = 4; lastKnownFileType = sourcecode.c.objc; path = AKIAbstractViewController.m; sourceTree = "<group>"; };
		8498D65E1DA12C19004376FF /* AKIImageView.h */ = {isa = PBXFileReference; fileEncoding = 4; lastKnownFileType = sourcecode.c.h; path = AKIImageView.h; sourceTree = "<group>"; };
		8498D65F1DA12C19004376FF /* AKIImageView.m */ = {isa = PBXFileReference; fileEncoding = 4; lastKnownFileType = sourcecode.c.objc; path = AKIImageView.m; sourceTree = "<group>"; };
		8498D6611DA12C19004376FF /* AKILoadingViewContainer.h */ = {isa = PBXFileReference; fileEncoding = 4; lastKnownFileType = sourcecode.c.h; path = AKILoadingViewContainer.h; sourceTree = "<group>"; };
		8498D6621DA12C19004376FF /* AKILoadingViewContainer.m */ = {isa = PBXFileReference; fileEncoding = 4; lastKnownFileType = sourcecode.c.objc; path = AKILoadingViewContainer.m; sourceTree = "<group>"; };
		8498D6891DA12C29004376FF /* AKIMacro.h */ = {isa = PBXFileReference; fileEncoding = 4; lastKnownFileType = sourcecode.c.h; path = AKIMacro.h; sourceTree = "<group>"; };
		8498D68A1DA12C29004376FF /* AKIMacro.m */ = {isa = PBXFileReference; fileEncoding = 4; lastKnownFileType = sourcecode.c.objc; path = AKIMacro.m; sourceTree = "<group>"; };
		8498D68D1DA12C29004376FF /* AKIGCD.h */ = {isa = PBXFileReference; fileEncoding = 4; lastKnownFileType = sourcecode.c.h; path = AKIGCD.h; sourceTree = "<group>"; };
		8498D68E1DA12C29004376FF /* AKIGCD.m */ = {isa = PBXFileReference; fileEncoding = 4; lastKnownFileType = sourcecode.c.objc; path = AKIGCD.m; sourceTree = "<group>"; };
		8498D6901DA12C29004376FF /* AKIObservableObject.h */ = {isa = PBXFileReference; fileEncoding = 4; lastKnownFileType = sourcecode.c.h; path = AKIObservableObject.h; sourceTree = "<group>"; };
		8498D6911DA12C29004376FF /* AKIObservableObject.m */ = {isa = PBXFileReference; fileEncoding = 4; lastKnownFileType = sourcecode.c.objc; path = AKIObservableObject.m; sourceTree = "<group>"; };
		8498D6931DA12C29004376FF /* AKITableViewCell.h */ = {isa = PBXFileReference; fileEncoding = 4; lastKnownFileType = sourcecode.c.h; path = AKITableViewCell.h; sourceTree = "<group>"; };
		8498D6941DA12C29004376FF /* AKITableViewCell.m */ = {isa = PBXFileReference; fileEncoding = 4; lastKnownFileType = sourcecode.c.objc; path = AKITableViewCell.m; sourceTree = "<group>"; };
		8498D6971DA12C29004376FF /* AKIArrayChangeModel.h */ = {isa = PBXFileReference; fileEncoding = 4; lastKnownFileType = sourcecode.c.h; path = AKIArrayChangeModel.h; sourceTree = "<group>"; };
		8498D6981DA12C29004376FF /* AKIArrayChangeModel.m */ = {isa = PBXFileReference; fileEncoding = 4; lastKnownFileType = sourcecode.c.objc; path = AKIArrayChangeModel.m; sourceTree = "<group>"; };
		8498D69C1DA12C29004376FF /* AKIArrayChangeModelDelete.h */ = {isa = PBXFileReference; fileEncoding = 4; lastKnownFileType = sourcecode.c.h; path = AKIArrayChangeModelDelete.h; sourceTree = "<group>"; };
		8498D69D1DA12C29004376FF /* AKIArrayChangeModelDelete.m */ = {isa = PBXFileReference; fileEncoding = 4; lastKnownFileType = sourcecode.c.objc; path = AKIArrayChangeModelDelete.m; sourceTree = "<group>"; };
		8498D69F1DA12C29004376FF /* AKIArrayChangeModelInsert.h */ = {isa = PBXFileReference; fileEncoding = 4; lastKnownFileType = sourcecode.c.h; path = AKIArrayChangeModelInsert.h; sourceTree = "<group>"; };
		8498D6A01DA12C29004376FF /* AKIArrayChangeModelInsert.m */ = {isa = PBXFileReference; fileEncoding = 4; lastKnownFileType = sourcecode.c.objc; path = AKIArrayChangeModelInsert.m; sourceTree = "<group>"; };
		8498D6A11DA12C29004376FF /* AKIArrayChangeModelOneIndex.h */ = {isa = PBXFileReference; fileEncoding = 4; lastKnownFileType = sourcecode.c.h; path = AKIArrayChangeModelOneIndex.h; sourceTree = "<group>"; };
		8498D6A21DA12C29004376FF /* AKIArrayChangeModelOneIndex.m */ = {isa = PBXFileReference; fileEncoding = 4; lastKnownFileType = sourcecode.c.objc; path = AKIArrayChangeModelOneIndex.m; sourceTree = "<group>"; };
		8498D6A51DA12C29004376FF /* AKIArrayChangeModelMove.h */ = {isa = PBXFileReference; fileEncoding = 4; lastKnownFileType = sourcecode.c.h; path = AKIArrayChangeModelMove.h; sourceTree = "<group>"; };
		8498D6A61DA12C29004376FF /* AKIArrayChangeModelMove.m */ = {isa = PBXFileReference; fileEncoding = 4; lastKnownFileType = sourcecode.c.objc; path = AKIArrayChangeModelMove.m; sourceTree = "<group>"; };
		8498D6A71DA12C29004376FF /* AKIArrayChangeModelTwoIndexes.h */ = {isa = PBXFileReference; fileEncoding = 4; lastKnownFileType = sourcecode.c.h; path = AKIArrayChangeModelTwoIndexes.h; sourceTree = "<group>"; };
		8498D6A81DA12C29004376FF /* AKIArrayChangeModelTwoIndexes.m */ = {isa = PBXFileReference; fileEncoding = 4; lastKnownFileType = sourcecode.c.objc; path = AKIArrayChangeModelTwoIndexes.m; sourceTree = "<group>"; };
		8498D6AA1DA12C29004376FF /* AKIModel.h */ = {isa = PBXFileReference; fileEncoding = 4; lastKnownFileType = sourcecode.c.h; path = AKIModel.h; sourceTree = "<group>"; };
		8498D6AB1DA12C29004376FF /* AKIModel.m */ = {isa = PBXFileReference; fileEncoding = 4; lastKnownFileType = sourcecode.c.objc; path = AKIModel.m; sourceTree = "<group>"; };
		8498D6AE1DA12C29004376FF /* AKILoadingView.h */ = {isa = PBXFileReference; fileEncoding = 4; lastKnownFileType = sourcecode.c.h; path = AKILoadingView.h; sourceTree = "<group>"; };
		8498D6AF1DA12C29004376FF /* AKILoadingView.m */ = {isa = PBXFileReference; fileEncoding = 4; lastKnownFileType = sourcecode.c.objc; path = AKILoadingView.m; sourceTree = "<group>"; };
		8498D6B01DA12C29004376FF /* AKILoadingView.xib */ = {isa = PBXFileReference; fileEncoding = 4; lastKnownFileType = file.xib; path = AKILoadingView.xib; sourceTree = "<group>"; };
		8498D6B21DA12C29004376FF /* AKIView.h */ = {isa = PBXFileReference; fileEncoding = 4; lastKnownFileType = sourcecode.c.h; path = AKIView.h; sourceTree = "<group>"; };
		8498D6B31DA12C29004376FF /* AKIView.m */ = {isa = PBXFileReference; fileEncoding = 4; lastKnownFileType = sourcecode.c.objc; path = AKIView.m; sourceTree = "<group>"; };
		84F9A95B1DA3C6CF00976209 /* NSFileManager+AKIExtensions.h */ = {isa = PBXFileReference; fileEncoding = 4; lastKnownFileType = sourcecode.c.h; path = "NSFileManager+AKIExtensions.h"; sourceTree = "<group>"; };
		84F9A95C1DA3C6CF00976209 /* NSFileManager+AKIExtensions.m */ = {isa = PBXFileReference; fileEncoding = 4; lastKnownFileType = sourcecode.c.objc; path = "NSFileManager+AKIExtensions.m"; sourceTree = "<group>"; };
		84F9A97F1DA6858F00976209 /* AKIImageModel.h */ = {isa = PBXFileReference; fileEncoding = 4; lastKnownFileType = sourcecode.c.h; path = AKIImageModel.h; sourceTree = "<group>"; };
		84F9A9801DA6858F00976209 /* AKIImageModel.m */ = {isa = PBXFileReference; fileEncoding = 4; lastKnownFileType = sourcecode.c.objc; path = AKIImageModel.m; sourceTree = "<group>"; };
		84F9A9821DA6858F00976209 /* AKIInternetImageModel.h */ = {isa = PBXFileReference; fileEncoding = 4; lastKnownFileType = sourcecode.c.h; path = AKIInternetImageModel.h; sourceTree = "<group>"; };
		84F9A9831DA6858F00976209 /* AKIInternetImageModel.m */ = {isa = PBXFileReference; fileEncoding = 4; lastKnownFileType = sourcecode.c.objc; path = AKIInternetImageModel.m; sourceTree = "<group>"; };
		84F9A9851DA6858F00976209 /* AKILocalImageModel.h */ = {isa = PBXFileReference; fileEncoding = 4; lastKnownFileType = sourcecode.c.h; path = AKILocalImageModel.h; sourceTree = "<group>"; };
		84F9A9861DA6858F00976209 /* AKILocalImageModel.m */ = {isa = PBXFileReference; fileEncoding = 4; lastKnownFileType = sourcecode.c.objc; path = AKILocalImageModel.m; sourceTree = "<group>"; };
		84F9A99C1DA7CF5900976209 /* AKIImageModelCache.h */ = {isa = PBXFileReference; fileEncoding = 4; lastKnownFileType = sourcecode.c.h; path = AKIImageModelCache.h; sourceTree = "<group>"; };
		84F9A99D1DA7CF5900976209 /* AKIImageModelCache.m */ = {isa = PBXFileReference; fileEncoding = 4; lastKnownFileType = sourcecode.c.objc; path = AKIImageModelCache.m; sourceTree = "<group>"; };
		84F9A99F1DAA481E00976209 /* FBSDKCoreKit.framework */ = {isa = PBXFileReference; lastKnownFileType = wrapper.framework; path = FBSDKCoreKit.framework; sourceTree = "<group>"; };
		84F9A9A01DAA481E00976209 /* FBSDKLoginKit.framework */ = {isa = PBXFileReference; lastKnownFileType = wrapper.framework; path = FBSDKLoginKit.framework; sourceTree = "<group>"; };
		84F9A9A11DAA481E00976209 /* FBSDKShareKit.framework */ = {isa = PBXFileReference; lastKnownFileType = wrapper.framework; path = FBSDKShareKit.framework; sourceTree = "<group>"; };
		84F9A9A51DAA4F4600976209 /* Bolts.framework */ = {isa = PBXFileReference; lastKnownFileType = wrapper.framework; path = Bolts.framework; sourceTree = "<group>"; };
		84F9A9AE1DAAB70C00976209 /* AKIFacebookLoginViewController.h */ = {isa = PBXFileReference; fileEncoding = 4; lastKnownFileType = sourcecode.c.h; path = AKIFacebookLoginViewController.h; sourceTree = "<group>"; };
		84F9A9AF1DAAB70C00976209 /* AKIFacebookLoginViewController.m */ = {isa = PBXFileReference; fileEncoding = 4; lastKnownFileType = sourcecode.c.objc; path = AKIFacebookLoginViewController.m; sourceTree = "<group>"; };
		84F9A9B01DAAB70C00976209 /* AKIFacebookLoginViewController.xib */ = {isa = PBXFileReference; fileEncoding = 4; lastKnownFileType = file.xib; path = AKIFacebookLoginViewController.xib; sourceTree = "<group>"; };
		84F9A9B41DAAB73F00976209 /* AKIFacebookFriendsViewController.h */ = {isa = PBXFileReference; fileEncoding = 4; lastKnownFileType = sourcecode.c.h; path = AKIFacebookFriendsViewController.h; sourceTree = "<group>"; };
		84F9A9B51DAAB73F00976209 /* AKIFacebookFriendsViewController.m */ = {isa = PBXFileReference; fileEncoding = 4; lastKnownFileType = sourcecode.c.objc; path = AKIFacebookFriendsViewController.m; sourceTree = "<group>"; };
		84F9A9B61DAAB73F00976209 /* AKIFacebookFriendsViewController.xib */ = {isa = PBXFileReference; fileEncoding = 4; lastKnownFileType = file.xib; path = AKIFacebookFriendsViewController.xib; sourceTree = "<group>"; };
		84F9A9BA1DAAB76C00976209 /* AKIFacebookFriendDetailViewController.h */ = {isa = PBXFileReference; fileEncoding = 4; lastKnownFileType = sourcecode.c.h; path = AKIFacebookFriendDetailViewController.h; sourceTree = "<group>"; };
		84F9A9BB1DAAB76C00976209 /* AKIFacebookFriendDetailViewController.m */ = {isa = PBXFileReference; fileEncoding = 4; lastKnownFileType = sourcecode.c.objc; path = AKIFacebookFriendDetailViewController.m; sourceTree = "<group>"; };
		84F9A9BC1DAAB76C00976209 /* AKIFacebookFriendDetailViewController.xib */ = {isa = PBXFileReference; fileEncoding = 4; lastKnownFileType = file.xib; path = AKIFacebookFriendDetailViewController.xib; sourceTree = "<group>"; };
		84F9A9C01DAAC5C800976209 /* AKIFacebookNavigationViewController.h */ = {isa = PBXFileReference; fileEncoding = 4; lastKnownFileType = sourcecode.c.h; path = AKIFacebookNavigationViewController.h; sourceTree = "<group>"; };
		84F9A9C11DAAC5C800976209 /* AKIFacebookNavigationViewController.m */ = {isa = PBXFileReference; fileEncoding = 4; lastKnownFileType = sourcecode.c.objc; path = AKIFacebookNavigationViewController.m; sourceTree = "<group>"; };
		84F9A9C21DAAC5C800976209 /* AKIFacebookNavigationViewController.xib */ = {isa = PBXFileReference; fileEncoding = 4; lastKnownFileType = file.xib; path = AKIFacebookNavigationViewController.xib; sourceTree = "<group>"; };
		84F9A9C61DAACBAE00976209 /* AKIFacebookLoginButton.h */ = {isa = PBXFileReference; fileEncoding = 4; lastKnownFileType = sourcecode.c.h; path = AKIFacebookLoginButton.h; sourceTree = "<group>"; };
		84F9A9C71DAACBAE00976209 /* AKIFacebookLoginButton.m */ = {isa = PBXFileReference; fileEncoding = 4; lastKnownFileType = sourcecode.c.objc; path = AKIFacebookLoginButton.m; sourceTree = "<group>"; };
		84F9A9CE1DAAD02D00976209 /* AKIFacebookFriendsCell.h */ = {isa = PBXFileReference; fileEncoding = 4; lastKnownFileType = sourcecode.c.h; path = AKIFacebookFriendsCell.h; sourceTree = "<group>"; };
		84F9A9CF1DAAD02D00976209 /* AKIFacebookFriendsCell.m */ = {isa = PBXFileReference; fileEncoding = 4; lastKnownFileType = sourcecode.c.objc; path = AKIFacebookFriendsCell.m; sourceTree = "<group>"; };
		84F9A9D11DAAD06B00976209 /* AKIFacebookFriendsCell.xib */ = {isa = PBXFileReference; fileEncoding = 4; lastKnownFileType = file.xib; path = AKIFacebookFriendsCell.xib; sourceTree = "<group>"; };
		84F9A9D51DABACC500976209 /* AKIFacebookFriendsView.h */ = {isa = PBXFileReference; fileEncoding = 4; lastKnownFileType = sourcecode.c.h; path = AKIFacebookFriendsView.h; sourceTree = "<group>"; };
		84F9A9D61DABACC500976209 /* AKIFacebookFriendsView.m */ = {isa = PBXFileReference; fileEncoding = 4; lastKnownFileType = sourcecode.c.objc; path = AKIFacebookFriendsView.m; sourceTree = "<group>"; };
		84F9A9DD1DABB98D00976209 /* AKIFacebookFriendsDetailView.h */ = {isa = PBXFileReference; fileEncoding = 4; lastKnownFileType = sourcecode.c.h; path = AKIFacebookFriendsDetailView.h; sourceTree = "<group>"; };
		84F9A9DE1DABB98D00976209 /* AKIFacebookFriendsDetailView.m */ = {isa = PBXFileReference; fileEncoding = 4; lastKnownFileType = sourcecode.c.objc; path = AKIFacebookFriendsDetailView.m; sourceTree = "<group>"; };
		84F9A9E11DABC41E00976209 /* AKIFacebookNavigationView.h */ = {isa = PBXFileReference; fileEncoding = 4; lastKnownFileType = sourcecode.c.h; path = AKIFacebookNavigationView.h; sourceTree = "<group>"; };
		84F9A9E21DABC41E00976209 /* AKIFacebookNavigationView.m */ = {isa = PBXFileReference; fileEncoding = 4; lastKnownFileType = sourcecode.c.objc; path = AKIFacebookNavigationView.m; sourceTree = "<group>"; };
		84F9A9E51DABD7B100976209 /* AKILoginButton.h */ = {isa = PBXFileReference; fileEncoding = 4; lastKnownFileType = sourcecode.c.h; path = AKILoginButton.h; sourceTree = "<group>"; };
		84F9A9E61DABD7B100976209 /* AKILoginButton.m */ = {isa = PBXFileReference; fileEncoding = 4; lastKnownFileType = sourcecode.c.objc; path = AKILoginButton.m; sourceTree = "<group>"; };
		84F9A9EA1DABD8F500976209 /* AKILoginButton.xib */ = {isa = PBXFileReference; fileEncoding = 4; lastKnownFileType = file.xib; path = AKILoginButton.xib; sourceTree = "<group>"; };
		84F9A9ED1DABE34D00976209 /* AKIContext.h */ = {isa = PBXFileReference; fileEncoding = 4; lastKnownFileType = sourcecode.c.h; path = AKIContext.h; sourceTree = "<group>"; };
		84F9A9EE1DABE34D00976209 /* AKIContext.m */ = {isa = PBXFileReference; fileEncoding = 4; lastKnownFileType = sourcecode.c.objc; path = AKIContext.m; sourceTree = "<group>"; };
		84F9A9F11DABE39E00976209 /* AKILoginContext.h */ = {isa = PBXFileReference; fileEncoding = 4; lastKnownFileType = sourcecode.c.h; path = AKILoginContext.h; sourceTree = "<group>"; };
		84F9A9F21DABE39E00976209 /* AKILoginContext.m */ = {isa = PBXFileReference; fileEncoding = 4; lastKnownFileType = sourcecode.c.objc; path = AKILoginContext.m; sourceTree = "<group>"; };
		84F9A9F51DABE3BE00976209 /* AKIFriendsContext.h */ = {isa = PBXFileReference; fileEncoding = 4; lastKnownFileType = sourcecode.c.h; path = AKIFriendsContext.h; sourceTree = "<group>"; };
		84F9A9F61DABE3BE00976209 /* AKIFriendsContext.m */ = {isa = PBXFileReference; fileEncoding = 4; lastKnownFileType = sourcecode.c.objc; path = AKIFriendsContext.m; sourceTree = "<group>"; };
		C1DD131D430834B8AAACB0A2 /* libPods-iOSProjectTests.a */ = {isa = PBXFileReference; explicitFileType = archive.ar; includeInIndex = 0; path = "libPods-iOSProjectTests.a"; sourceTree = BUILT_PRODUCTS_DIR; };
		DADE9593A11952A892FE14DC /* Pods-iOSProjectTests.debug.xcconfig */ = {isa = PBXFileReference; includeInIndex = 1; lastKnownFileType = text.xcconfig; name = "Pods-iOSProjectTests.debug.xcconfig"; path = "Pods/Target Support Files/Pods-iOSProjectTests/Pods-iOSProjectTests.debug.xcconfig"; sourceTree = "<group>"; };
		DAF4BDE66977EDE9EA23314F /* libPods-iOSProject.a */ = {isa = PBXFileReference; explicitFileType = archive.ar; includeInIndex = 0; path = "libPods-iOSProject.a"; sourceTree = BUILT_PRODUCTS_DIR; };
/* End PBXFileReference section */

/* Begin PBXFrameworksBuildPhase section */
		848EE65A1D48CEEE00B7F780 /* Frameworks */ = {
			isa = PBXFrameworksBuildPhase;
			buildActionMask = 2147483647;
			files = (
				84F9A9A61DAA4F4600976209 /* Bolts.framework in Frameworks */,
				84F9A9A41DAA481F00976209 /* FBSDKShareKit.framework in Frameworks */,
				C550B8DBB0EE0507BFA3F1C1 /* libPods-iOSProject.a in Frameworks */,
				84F9A9A21DAA481E00976209 /* FBSDKCoreKit.framework in Frameworks */,
				84F9A9A31DAA481F00976209 /* FBSDKLoginKit.framework in Frameworks */,
			);
			runOnlyForDeploymentPostprocessing = 0;
		};
		848EE6781D48CFE700B7F780 /* Frameworks */ = {
			isa = PBXFrameworksBuildPhase;
			buildActionMask = 2147483647;
			files = (
				CEDD97692454920BF46A0BC8 /* libPods-iOSProjectTests.a in Frameworks */,
			);
			runOnlyForDeploymentPostprocessing = 0;
		};
/* End PBXFrameworksBuildPhase section */

/* Begin PBXGroup section */
		843038B61D5921D000083ADE /* Images */ = {
			isa = PBXGroup;
			children = (
				843038B71D5921D000083ADE /* image.jpg */,
			);
			path = Images;
			sourceTree = "<group>";
		};
		848EE6541D48CEEE00B7F780 = {
			isa = PBXGroup;
			children = (
				8498D6871DA12C29004376FF /* Library */,
				848EE68F1D48D3EA00B7F780 /* Resources */,
				8498D6221DA12C19004376FF /* Source */,
				848EE6CC1D48DD5300B7F780 /* iOSProject */,
				848EE67C1D48CFE700B7F780 /* iOSProjectTests */,
				848EE65E1D48CEEE00B7F780 /* Products */,
				E26017C6903F18B5D7B3C254 /* Pods */,
				EB42B2D4BA7FD92FE33ABBE2 /* Frameworks */,
			);
			sourceTree = "<group>";
		};
		848EE65E1D48CEEE00B7F780 /* Products */ = {
			isa = PBXGroup;
			children = (
				848EE65D1D48CEEE00B7F780 /* iOSProject.app */,
				848EE67B1D48CFE700B7F780 /* iOSProjectTests.xctest */,
			);
			name = Products;
			sourceTree = "<group>";
		};
		848EE67C1D48CFE700B7F780 /* iOSProjectTests */ = {
			isa = PBXGroup;
			children = (
				848EE6C91D48D79F00B7F780 /* Specs */,
				848EE67D1D48CFE700B7F780 /* iOSProjectTests.m */,
			);
			path = iOSProjectTests;
			sourceTree = "<group>";
		};
		848EE68F1D48D3EA00B7F780 /* Resources */ = {
			isa = PBXGroup;
			children = (
				843038B61D5921D000083ADE /* Images */,
				848EE7071D490B1A00B7F780 /* Main.storyboard */,
				848EE6901D48D3EA00B7F780 /* Assets.xcassets */,
				848EE6911D48D3EA00B7F780 /* LaunchScreen.storyboard */,
			);
			path = Resources;
			sourceTree = "<group>";
		};
		848EE6C91D48D79F00B7F780 /* Specs */ = {
			isa = PBXGroup;
			children = (
			);
			path = Specs;
			sourceTree = "<group>";
		};
		848EE6CC1D48DD5300B7F780 /* iOSProject */ = {
			isa = PBXGroup;
			children = (
				848EE6FB1D48F7FB00B7F780 /* AKIAppDelegate.h */,
				848EE6FC1D48F7FB00B7F780 /* AKIAppDelegate.m */,
				848EE6CE1D48DD5300B7F780 /* main.m */,
				848EE6CD1D48DD5300B7F780 /* Info.plist */,
			);
			path = iOSProject;
			sourceTree = "<group>";
		};
		8498D6221DA12C19004376FF /* Source */ = {
			isa = PBXGroup;
			children = (
				8498D6231DA12C19004376FF /* Categories */,
				8498D6451DA12C19004376FF /* Models */,
				8498D6581DA12C19004376FF /* UI */,
			);
			path = Source;
			sourceTree = "<group>";
		};
		8498D6231DA12C19004376FF /* Categories */ = {
			isa = PBXGroup;
			children = (
				84F9A95A1DA3C6CF00976209 /* NSFileManager */,
				8498D6241DA12C19004376FF /* NSArray */,
				8498D6271DA12C19004376FF /* NSBundle */,
				8498D62A1DA12C19004376FF /* NSMutableArray */,
				8498D62D1DA12C19004376FF /* NSNotificationCenter */,
				8498D6301DA12C19004376FF /* NSObject */,
				8498D6331DA12C19004376FF /* NSString */,
				8498D6361DA12C19004376FF /* UINib */,
				8498D6391DA12C19004376FF /* UITableView */,
				8498D63F1DA12C19004376FF /* UIViewController */,
				8498D6421DA12C19004376FF /* UIWindow */,
			);
			path = Categories;
			sourceTree = "<group>";
		};
		8498D6241DA12C19004376FF /* NSArray */ = {
			isa = PBXGroup;
			children = (
				8498D6251DA12C19004376FF /* NSArray+AKIExtensions.h */,
				8498D6261DA12C19004376FF /* NSArray+AKIExtensions.m */,
			);
			path = NSArray;
			sourceTree = "<group>";
		};
		8498D6271DA12C19004376FF /* NSBundle */ = {
			isa = PBXGroup;
			children = (
				8498D6281DA12C19004376FF /* NSBundle+AKIExtensions.h */,
				8498D6291DA12C19004376FF /* NSBundle+AKIExtensions.m */,
			);
			path = NSBundle;
			sourceTree = "<group>";
		};
		8498D62A1DA12C19004376FF /* NSMutableArray */ = {
			isa = PBXGroup;
			children = (
				8498D62B1DA12C19004376FF /* NSMutableArray+AKIExtension.h */,
				8498D62C1DA12C19004376FF /* NSMutableArray+AKIExtension.m */,
			);
			path = NSMutableArray;
			sourceTree = "<group>";
		};
		8498D62D1DA12C19004376FF /* NSNotificationCenter */ = {
			isa = PBXGroup;
			children = (
				8498D62E1DA12C19004376FF /* NSNotificationCenter+AKIExtensions.h */,
				8498D62F1DA12C19004376FF /* NSNotificationCenter+AKIExtensions.m */,
			);
			path = NSNotificationCenter;
			sourceTree = "<group>";
		};
		8498D6301DA12C19004376FF /* NSObject */ = {
			isa = PBXGroup;
			children = (
				8498D6311DA12C19004376FF /* NSObject+AKIExtensions.h */,
				8498D6321DA12C19004376FF /* NSObject+AKIExtensions.m */,
			);
			path = NSObject;
			sourceTree = "<group>";
		};
		8498D6331DA12C19004376FF /* NSString */ = {
			isa = PBXGroup;
			children = (
				8498D6341DA12C19004376FF /* NSString+AKIExtensions.h */,
				8498D6351DA12C19004376FF /* NSString+AKIExtensions.m */,
			);
			path = NSString;
			sourceTree = "<group>";
		};
		8498D6361DA12C19004376FF /* UINib */ = {
			isa = PBXGroup;
			children = (
				8498D6371DA12C19004376FF /* UINib+AKIExtensions.h */,
				8498D6381DA12C19004376FF /* UINib+AKIExtensions.m */,
			);
			path = UINib;
			sourceTree = "<group>";
		};
		8498D6391DA12C19004376FF /* UITableView */ = {
			isa = PBXGroup;
			children = (
				8498D63A1DA12C19004376FF /* AKIArrayChangeModel */,
				8498D63D1DA12C19004376FF /* UITableView+AKIExtensions.h */,
				8498D63E1DA12C19004376FF /* UITableView+AKIExtensions.m */,
			);
			path = UITableView;
			sourceTree = "<group>";
		};
		8498D63A1DA12C19004376FF /* AKIArrayChangeModel */ = {
			isa = PBXGroup;
			children = (
				8498D63B1DA12C19004376FF /* AKIArrayChangeModel+AKIExtensions.h */,
				8498D63C1DA12C19004376FF /* AKIArrayChangeModel+AKIExtensions.m */,
			);
			path = AKIArrayChangeModel;
			sourceTree = "<group>";
		};
		8498D63F1DA12C19004376FF /* UIViewController */ = {
			isa = PBXGroup;
			children = (
				8498D6401DA12C19004376FF /* UIViewController+AKIExtensions.h */,
				8498D6411DA12C19004376FF /* UIViewController+AKIExtensions.m */,
			);
			path = UIViewController;
			sourceTree = "<group>";
		};
		8498D6421DA12C19004376FF /* UIWindow */ = {
			isa = PBXGroup;
			children = (
				8498D6431DA12C19004376FF /* UIWindow+AKIExtensions.h */,
				8498D6441DA12C19004376FF /* UIWindow+AKIExtensions.m */,
			);
			path = UIWindow;
			sourceTree = "<group>";
		};
		8498D6451DA12C19004376FF /* Models */ = {
			isa = PBXGroup;
			children = (
				8498D6461DA12C19004376FF /* AKIArrayModel */,
				8498D6551DA12C19004376FF /* AKIUser */,
			);
			path = Models;
			sourceTree = "<group>";
		};
		8498D6461DA12C19004376FF /* AKIArrayModel */ = {
			isa = PBXGroup;
			children = (
				8498D64F1DA12C19004376FF /* AKIUsersArrayModel */,
				8498D6471DA12C19004376FF /* AKIArrayModel.h */,
				8498D6481DA12C19004376FF /* AKIArrayModel.m */,
			);
			path = AKIArrayModel;
			sourceTree = "<group>";
		};
		8498D64F1DA12C19004376FF /* AKIUsersArrayModel */ = {
			isa = PBXGroup;
			children = (
				8498D6501DA12C19004376FF /* AKIUsersArrayModel.h */,
				8498D6511DA12C19004376FF /* AKIUsersArrayModel.m */,
			);
			path = AKIUsersArrayModel;
			sourceTree = "<group>";
		};
		8498D6551DA12C19004376FF /* AKIUser */ = {
			isa = PBXGroup;
			children = (
				8498D6561DA12C19004376FF /* AKIUser.h */,
				8498D6571DA12C19004376FF /* AKIUser.m */,
			);
			path = AKIUser;
			sourceTree = "<group>";
		};
		8498D6581DA12C19004376FF /* UI */ = {
			isa = PBXGroup;
			children = (
				8498D6591DA12C19004376FF /* AKIAbstractViewController */,
				84F9A9A71DAAB65500976209 /* AKIFacebookViewController */,
			);
			path = UI;
			sourceTree = "<group>";
		};
		8498D6591DA12C19004376FF /* AKIAbstractViewController */ = {
			isa = PBXGroup;
			children = (
				8498D65C1DA12C19004376FF /* Views */,
				8498D65A1DA12C19004376FF /* AKIAbstractViewController.h */,
				8498D65B1DA12C19004376FF /* AKIAbstractViewController.m */,
			);
			path = AKIAbstractViewController;
			sourceTree = "<group>";
		};
		8498D65C1DA12C19004376FF /* Views */ = {
			isa = PBXGroup;
			children = (
				8498D65D1DA12C19004376FF /* AKIImageView */,
				8498D6601DA12C19004376FF /* AKILoadingViewContainer */,
			);
			path = Views;
			sourceTree = "<group>";
		};
		8498D65D1DA12C19004376FF /* AKIImageView */ = {
			isa = PBXGroup;
			children = (
				8498D65E1DA12C19004376FF /* AKIImageView.h */,
				8498D65F1DA12C19004376FF /* AKIImageView.m */,
			);
			path = AKIImageView;
			sourceTree = "<group>";
		};
		8498D6601DA12C19004376FF /* AKILoadingViewContainer */ = {
			isa = PBXGroup;
			children = (
				8498D6611DA12C19004376FF /* AKILoadingViewContainer.h */,
				8498D6621DA12C19004376FF /* AKILoadingViewContainer.m */,
			);
			path = AKILoadingViewContainer;
			sourceTree = "<group>";
		};
		8498D6871DA12C29004376FF /* Library */ = {
			isa = PBXGroup;
			children = (
				8498D6881DA12C29004376FF /* AKIMacro */,
				8498D68B1DA12C29004376FF /* Classes */,
			);
			path = Library;
			sourceTree = "<group>";
		};
		8498D6881DA12C29004376FF /* AKIMacro */ = {
			isa = PBXGroup;
			children = (
				8498D6891DA12C29004376FF /* AKIMacro.h */,
				8498D68A1DA12C29004376FF /* AKIMacro.m */,
			);
			path = AKIMacro;
			sourceTree = "<group>";
		};
		8498D68B1DA12C29004376FF /* Classes */ = {
			isa = PBXGroup;
			children = (
				8498D68C1DA12C29004376FF /* AKIGCD */,
				8498D68F1DA12C29004376FF /* AKIObservableObject */,
				8498D6921DA12C29004376FF /* AKITableViewCell */,
				8498D6951DA12C29004376FF /* Models */,
				8498D6AC1DA12C29004376FF /* Views */,
			);
			path = Classes;
			sourceTree = "<group>";
		};
		8498D68C1DA12C29004376FF /* AKIGCD */ = {
			isa = PBXGroup;
			children = (
				8498D68D1DA12C29004376FF /* AKIGCD.h */,
				8498D68E1DA12C29004376FF /* AKIGCD.m */,
			);
			path = AKIGCD;
			sourceTree = "<group>";
		};
		8498D68F1DA12C29004376FF /* AKIObservableObject */ = {
			isa = PBXGroup;
			children = (
				8498D6901DA12C29004376FF /* AKIObservableObject.h */,
				8498D6911DA12C29004376FF /* AKIObservableObject.m */,
			);
			path = AKIObservableObject;
			sourceTree = "<group>";
		};
		8498D6921DA12C29004376FF /* AKITableViewCell */ = {
			isa = PBXGroup;
			children = (
				8498D6931DA12C29004376FF /* AKITableViewCell.h */,
				8498D6941DA12C29004376FF /* AKITableViewCell.m */,
			);
			path = AKITableViewCell;
			sourceTree = "<group>";
		};
		8498D6951DA12C29004376FF /* Models */ = {
			isa = PBXGroup;
			children = (
				84F9A9EC1DABE33200976209 /* AKIContext */,
				84F9A9791DA6858F00976209 /* AKIImage */,
				8498D6961DA12C29004376FF /* AKIArrayChangeModel */,
				8498D6A91DA12C29004376FF /* AKIModel */,
			);
			path = Models;
			sourceTree = "<group>";
		};
		8498D6961DA12C29004376FF /* AKIArrayChangeModel */ = {
			isa = PBXGroup;
			children = (
				8498D6991DA12C29004376FF /* AKIArrayChangeModelState */,
				8498D6971DA12C29004376FF /* AKIArrayChangeModel.h */,
				8498D6981DA12C29004376FF /* AKIArrayChangeModel.m */,
			);
			path = AKIArrayChangeModel;
			sourceTree = "<group>";
		};
		8498D6991DA12C29004376FF /* AKIArrayChangeModelState */ = {
			isa = PBXGroup;
			children = (
				8498D69A1DA12C29004376FF /* AKIArrayChangeModelOneIndex */,
				8498D6A31DA12C29004376FF /* AKIArrayChangeModelTwoIndexes */,
			);
			path = AKIArrayChangeModelState;
			sourceTree = "<group>";
		};
		8498D69A1DA12C29004376FF /* AKIArrayChangeModelOneIndex */ = {
			isa = PBXGroup;
			children = (
				8498D69B1DA12C29004376FF /* AKIArrayChangeModelDelete */,
				8498D69E1DA12C29004376FF /* AKIArrayChangeModelInsert */,
				8498D6A11DA12C29004376FF /* AKIArrayChangeModelOneIndex.h */,
				8498D6A21DA12C29004376FF /* AKIArrayChangeModelOneIndex.m */,
			);
			path = AKIArrayChangeModelOneIndex;
			sourceTree = "<group>";
		};
		8498D69B1DA12C29004376FF /* AKIArrayChangeModelDelete */ = {
			isa = PBXGroup;
			children = (
				8498D69C1DA12C29004376FF /* AKIArrayChangeModelDelete.h */,
				8498D69D1DA12C29004376FF /* AKIArrayChangeModelDelete.m */,
			);
			path = AKIArrayChangeModelDelete;
			sourceTree = "<group>";
		};
		8498D69E1DA12C29004376FF /* AKIArrayChangeModelInsert */ = {
			isa = PBXGroup;
			children = (
				8498D69F1DA12C29004376FF /* AKIArrayChangeModelInsert.h */,
				8498D6A01DA12C29004376FF /* AKIArrayChangeModelInsert.m */,
			);
			path = AKIArrayChangeModelInsert;
			sourceTree = "<group>";
		};
		8498D6A31DA12C29004376FF /* AKIArrayChangeModelTwoIndexes */ = {
			isa = PBXGroup;
			children = (
				8498D6A41DA12C29004376FF /* AKIArrayChangeModelMove */,
				8498D6A71DA12C29004376FF /* AKIArrayChangeModelTwoIndexes.h */,
				8498D6A81DA12C29004376FF /* AKIArrayChangeModelTwoIndexes.m */,
			);
			path = AKIArrayChangeModelTwoIndexes;
			sourceTree = "<group>";
		};
		8498D6A41DA12C29004376FF /* AKIArrayChangeModelMove */ = {
			isa = PBXGroup;
			children = (
				8498D6A51DA12C29004376FF /* AKIArrayChangeModelMove.h */,
				8498D6A61DA12C29004376FF /* AKIArrayChangeModelMove.m */,
			);
			path = AKIArrayChangeModelMove;
			sourceTree = "<group>";
		};
		8498D6A91DA12C29004376FF /* AKIModel */ = {
			isa = PBXGroup;
			children = (
				8498D6AA1DA12C29004376FF /* AKIModel.h */,
				8498D6AB1DA12C29004376FF /* AKIModel.m */,
			);
			path = AKIModel;
			sourceTree = "<group>";
		};
		8498D6AC1DA12C29004376FF /* Views */ = {
			isa = PBXGroup;
			children = (
				84F9A9E41DABD79D00976209 /* AKILoginButton */,
				8498D6AD1DA12C29004376FF /* AKILoadingView */,
				8498D6B11DA12C29004376FF /* AKIView */,
			);
			path = Views;
			sourceTree = "<group>";
		};
		8498D6AD1DA12C29004376FF /* AKILoadingView */ = {
			isa = PBXGroup;
			children = (
				8498D6AE1DA12C29004376FF /* AKILoadingView.h */,
				8498D6AF1DA12C29004376FF /* AKILoadingView.m */,
				8498D6B01DA12C29004376FF /* AKILoadingView.xib */,
			);
			path = AKILoadingView;
			sourceTree = "<group>";
		};
		8498D6B11DA12C29004376FF /* AKIView */ = {
			isa = PBXGroup;
			children = (
				8498D6B21DA12C29004376FF /* AKIView.h */,
				8498D6B31DA12C29004376FF /* AKIView.m */,
			);
			path = AKIView;
			sourceTree = "<group>";
		};
		84F9A95A1DA3C6CF00976209 /* NSFileManager */ = {
			isa = PBXGroup;
			children = (
				84F9A95B1DA3C6CF00976209 /* NSFileManager+AKIExtensions.h */,
				84F9A95C1DA3C6CF00976209 /* NSFileManager+AKIExtensions.m */,
			);
			path = NSFileManager;
			sourceTree = "<group>";
		};
		84F9A9791DA6858F00976209 /* AKIImage */ = {
			isa = PBXGroup;
			children = (
				84F9A99B1DA7CF5900976209 /* AKIImageModelCache */,
				84F9A97E1DA6858F00976209 /* AKIImageModel */,
				84F9A9811DA6858F00976209 /* AKIInternetImageModel */,
				84F9A9841DA6858F00976209 /* AKILocalImageModel */,
			);
			path = AKIImage;
			sourceTree = "<group>";
		};
		84F9A97E1DA6858F00976209 /* AKIImageModel */ = {
			isa = PBXGroup;
			children = (
				84F9A97F1DA6858F00976209 /* AKIImageModel.h */,
				84F9A9801DA6858F00976209 /* AKIImageModel.m */,
			);
			path = AKIImageModel;
			sourceTree = "<group>";
		};
		84F9A9811DA6858F00976209 /* AKIInternetImageModel */ = {
			isa = PBXGroup;
			children = (
				84F9A9821DA6858F00976209 /* AKIInternetImageModel.h */,
				84F9A9831DA6858F00976209 /* AKIInternetImageModel.m */,
			);
			path = AKIInternetImageModel;
			sourceTree = "<group>";
		};
		84F9A9841DA6858F00976209 /* AKILocalImageModel */ = {
			isa = PBXGroup;
			children = (
				84F9A9851DA6858F00976209 /* AKILocalImageModel.h */,
				84F9A9861DA6858F00976209 /* AKILocalImageModel.m */,
			);
			path = AKILocalImageModel;
			sourceTree = "<group>";
		};
		84F9A99B1DA7CF5900976209 /* AKIImageModelCache */ = {
			isa = PBXGroup;
			children = (
				84F9A99C1DA7CF5900976209 /* AKIImageModelCache.h */,
				84F9A99D1DA7CF5900976209 /* AKIImageModelCache.m */,
			);
			path = AKIImageModelCache;
			sourceTree = "<group>";
		};
		84F9A9A71DAAB65500976209 /* AKIFacebookViewController */ = {
			isa = PBXGroup;
			children = (
				84F9A9BF1DAAC5AA00976209 /* AKIFacebookNavigationViewController */,
				84F9A9B91DAAB74300976209 /* AKIFacebookFriendDetailViewController */,
				84F9A9B31DAAB71300976209 /* AKIFacebookFriendsViewController */,
				84F9A9AD1DAAB70C00976209 /* AKIFacebookLoginViewController */,
			);
			path = AKIFacebookViewController;
			sourceTree = "<group>";
		};
		84F9A9AD1DAAB70C00976209 /* AKIFacebookLoginViewController */ = {
			isa = PBXGroup;
			children = (
				84F9A9C51DAACB8700976209 /* Views */,
				84F9A9AE1DAAB70C00976209 /* AKIFacebookLoginViewController.h */,
				84F9A9AF1DAAB70C00976209 /* AKIFacebookLoginViewController.m */,
				84F9A9B01DAAB70C00976209 /* AKIFacebookLoginViewController.xib */,
			);
			path = AKIFacebookLoginViewController;
			sourceTree = "<group>";
		};
		84F9A9B31DAAB71300976209 /* AKIFacebookFriendsViewController */ = {
			isa = PBXGroup;
			children = (
				84F9A9C91DAACF8B00976209 /* Views */,
				84F9A9B41DAAB73F00976209 /* AKIFacebookFriendsViewController.h */,
				84F9A9B51DAAB73F00976209 /* AKIFacebookFriendsViewController.m */,
				84F9A9B61DAAB73F00976209 /* AKIFacebookFriendsViewController.xib */,
			);
			path = AKIFacebookFriendsViewController;
			sourceTree = "<group>";
		};
		84F9A9B91DAAB74300976209 /* AKIFacebookFriendDetailViewController */ = {
			isa = PBXGroup;
			children = (
				84F9A9D81DABB92B00976209 /* Views */,
				84F9A9BA1DAAB76C00976209 /* AKIFacebookFriendDetailViewController.h */,
				84F9A9BB1DAAB76C00976209 /* AKIFacebookFriendDetailViewController.m */,
				84F9A9BC1DAAB76C00976209 /* AKIFacebookFriendDetailViewController.xib */,
			);
			path = AKIFacebookFriendDetailViewController;
			sourceTree = "<group>";
		};
		84F9A9BF1DAAC5AA00976209 /* AKIFacebookNavigationViewController */ = {
			isa = PBXGroup;
			children = (
				84F9A9E01DABC3FB00976209 /* Views */,
				84F9A9C01DAAC5C800976209 /* AKIFacebookNavigationViewController.h */,
				84F9A9C11DAAC5C800976209 /* AKIFacebookNavigationViewController.m */,
				84F9A9C21DAAC5C800976209 /* AKIFacebookNavigationViewController.xib */,
			);
			path = AKIFacebookNavigationViewController;
			sourceTree = "<group>";
		};
		84F9A9C51DAACB8700976209 /* Views */ = {
			isa = PBXGroup;
			children = (
				84F9A9C61DAACBAE00976209 /* AKIFacebookLoginButton.h */,
				84F9A9C71DAACBAE00976209 /* AKIFacebookLoginButton.m */,
			);
			path = Views;
			sourceTree = "<group>";
		};
		84F9A9C91DAACF8B00976209 /* Views */ = {
			isa = PBXGroup;
			children = (
				84F9A9D41DABAC8F00976209 /* AKIFacebookFriendsView */,
				84F9A9CA1DAACFA300976209 /* AKIFacebookFriendsCell */,
			);
			path = Views;
			sourceTree = "<group>";
		};
		84F9A9CA1DAACFA300976209 /* AKIFacebookFriendsCell */ = {
			isa = PBXGroup;
			children = (
				84F9A9CE1DAAD02D00976209 /* AKIFacebookFriendsCell.h */,
				84F9A9CF1DAAD02D00976209 /* AKIFacebookFriendsCell.m */,
				84F9A9D11DAAD06B00976209 /* AKIFacebookFriendsCell.xib */,
			);
			path = AKIFacebookFriendsCell;
			sourceTree = "<group>";
		};
		84F9A9D41DABAC8F00976209 /* AKIFacebookFriendsView */ = {
			isa = PBXGroup;
			children = (
				84F9A9D51DABACC500976209 /* AKIFacebookFriendsView.h */,
				84F9A9D61DABACC500976209 /* AKIFacebookFriendsView.m */,
			);
			path = AKIFacebookFriendsView;
			sourceTree = "<group>";
		};
		84F9A9D81DABB92B00976209 /* Views */ = {
			isa = PBXGroup;
			children = (
				84F9A9DC1DABB95A00976209 /* AKIFacebookFriendsDetailView */,
			);
			path = Views;
			sourceTree = "<group>";
		};
		84F9A9DC1DABB95A00976209 /* AKIFacebookFriendsDetailView */ = {
			isa = PBXGroup;
			children = (
				84F9A9DD1DABB98D00976209 /* AKIFacebookFriendsDetailView.h */,
				84F9A9DE1DABB98D00976209 /* AKIFacebookFriendsDetailView.m */,
			);
			path = AKIFacebookFriendsDetailView;
			sourceTree = "<group>";
		};
		84F9A9E01DABC3FB00976209 /* Views */ = {
			isa = PBXGroup;
			children = (
				84F9A9E11DABC41E00976209 /* AKIFacebookNavigationView.h */,
				84F9A9E21DABC41E00976209 /* AKIFacebookNavigationView.m */,
			);
			path = Views;
			sourceTree = "<group>";
		};
		84F9A9E41DABD79D00976209 /* AKILoginButton */ = {
			isa = PBXGroup;
			children = (
				84F9A9E51DABD7B100976209 /* AKILoginButton.h */,
				84F9A9E61DABD7B100976209 /* AKILoginButton.m */,
				84F9A9EA1DABD8F500976209 /* AKILoginButton.xib */,
			);
			path = AKILoginButton;
			sourceTree = "<group>";
		};
		84F9A9EC1DABE33200976209 /* AKIContext */ = {
			isa = PBXGroup;
			children = (
				84F9A9F41DABE3AB00976209 /* AKIFriendsContext */,
				84F9A9F01DABE38300976209 /* AKILoginContext */,
				84F9A9ED1DABE34D00976209 /* AKIContext.h */,
				84F9A9EE1DABE34D00976209 /* AKIContext.m */,
			);
			path = AKIContext;
			sourceTree = "<group>";
		};
		84F9A9F01DABE38300976209 /* AKILoginContext */ = {
			isa = PBXGroup;
			children = (
				84F9A9F11DABE39E00976209 /* AKILoginContext.h */,
				84F9A9F21DABE39E00976209 /* AKILoginContext.m */,
			);
			path = AKILoginContext;
			sourceTree = "<group>";
		};
		84F9A9F41DABE3AB00976209 /* AKIFriendsContext */ = {
			isa = PBXGroup;
			children = (
				84F9A9F51DABE3BE00976209 /* AKIFriendsContext.h */,
				84F9A9F61DABE3BE00976209 /* AKIFriendsContext.m */,
			);
			path = AKIFriendsContext;
			sourceTree = "<group>";
		};
		E26017C6903F18B5D7B3C254 /* Pods */ = {
			isa = PBXGroup;
			children = (
				11302A621AB4E5C9756705C0 /* Pods-iOSProject.debug.xcconfig */,
				6E034D21D28E3456E96FEDFC /* Pods-iOSProject.release.xcconfig */,
				DADE9593A11952A892FE14DC /* Pods-iOSProjectTests.debug.xcconfig */,
				664109B08106708294D9A04F /* Pods-iOSProjectTests.release.xcconfig */,
			);
			name = Pods;
			sourceTree = "<group>";
		};
		EB42B2D4BA7FD92FE33ABBE2 /* Frameworks */ = {
			isa = PBXGroup;
			children = (
				84F9A9A51DAA4F4600976209 /* Bolts.framework */,
				84F9A99F1DAA481E00976209 /* FBSDKCoreKit.framework */,
				84F9A9A01DAA481E00976209 /* FBSDKLoginKit.framework */,
				84F9A9A11DAA481E00976209 /* FBSDKShareKit.framework */,
				DAF4BDE66977EDE9EA23314F /* libPods-iOSProject.a */,
				C1DD131D430834B8AAACB0A2 /* libPods-iOSProjectTests.a */,
			);
			name = Frameworks;
			sourceTree = "<group>";
		};
/* End PBXGroup section */

/* Begin PBXNativeTarget section */
		848EE65C1D48CEEE00B7F780 /* iOSProject */ = {
			isa = PBXNativeTarget;
			buildConfigurationList = 848EE6741D48CEEE00B7F780 /* Build configuration list for PBXNativeTarget "iOSProject" */;
			buildPhases = (
				12888C66DF1D2C5246BF384C /* [CP] Check Pods Manifest.lock */,
				848EE6591D48CEEE00B7F780 /* Sources */,
				848EE65A1D48CEEE00B7F780 /* Frameworks */,
				848EE65B1D48CEEE00B7F780 /* Resources */,
				B8A88D2168FEFE0A98B59485 /* [CP] Embed Pods Frameworks */,
				4F881BB80D07040625C14029 /* [CP] Copy Pods Resources */,
			);
			buildRules = (
			);
			dependencies = (
			);
			name = iOSProject;
			productName = iOSProject;
			productReference = 848EE65D1D48CEEE00B7F780 /* iOSProject.app */;
			productType = "com.apple.product-type.application";
		};
		848EE67A1D48CFE700B7F780 /* iOSProjectTests */ = {
			isa = PBXNativeTarget;
			buildConfigurationList = 848EE6801D48CFE700B7F780 /* Build configuration list for PBXNativeTarget "iOSProjectTests" */;
			buildPhases = (
				21A39272137D7E754DD96EE9 /* [CP] Check Pods Manifest.lock */,
				848EE6771D48CFE700B7F780 /* Sources */,
				848EE6781D48CFE700B7F780 /* Frameworks */,
				848EE6791D48CFE700B7F780 /* Resources */,
				67AA1EC1AD0116589F5585C2 /* [CP] Copy Pods Resources */,
			);
			buildRules = (
			);
			dependencies = (
			);
			name = iOSProjectTests;
			productName = iOSProjectTests;
			productReference = 848EE67B1D48CFE700B7F780 /* iOSProjectTests.xctest */;
			productType = "com.apple.product-type.bundle.ui-testing";
		};
/* End PBXNativeTarget section */

/* Begin PBXProject section */
		848EE6551D48CEEE00B7F780 /* Project object */ = {
			isa = PBXProject;
			attributes = {
				LastUpgradeCheck = 0730;
				ORGANIZATIONNAME = "Alexey Khomych";
				TargetAttributes = {
					848EE65C1D48CEEE00B7F780 = {
						CreatedOnToolsVersion = 7.3.1;
						DevelopmentTeam = WD3U2NTNC9;
					};
					848EE67A1D48CFE700B7F780 = {
						CreatedOnToolsVersion = 7.3.1;
					};
				};
			};
			buildConfigurationList = 848EE6581D48CEEE00B7F780 /* Build configuration list for PBXProject "iOSProject" */;
			compatibilityVersion = "Xcode 3.2";
			developmentRegion = English;
			hasScannedForEncodings = 0;
			knownRegions = (
				en,
				Base,
			);
			mainGroup = 848EE6541D48CEEE00B7F780;
			productRefGroup = 848EE65E1D48CEEE00B7F780 /* Products */;
			projectDirPath = "";
			projectRoot = "";
			targets = (
				848EE65C1D48CEEE00B7F780 /* iOSProject */,
				848EE67A1D48CFE700B7F780 /* iOSProjectTests */,
			);
		};
/* End PBXProject section */

/* Begin PBXResourcesBuildPhase section */
		848EE65B1D48CEEE00B7F780 /* Resources */ = {
			isa = PBXResourcesBuildPhase;
			buildActionMask = 2147483647;
			files = (
				84F9A9B21DAAB70C00976209 /* AKIFacebookLoginViewController.xib in Resources */,
				848EE69B1D48D3EA00B7F780 /* LaunchScreen.storyboard in Resources */,
				84F9A9D21DAAD06B00976209 /* AKIFacebookFriendsCell.xib in Resources */,
				8498D6C01DA12C29004376FF /* AKILoadingView.xib in Resources */,
				848EE7091D490B1A00B7F780 /* Main.storyboard in Resources */,
				848EE69A1D48D3EA00B7F780 /* Assets.xcassets in Resources */,
				84F9A9C41DAAC5C800976209 /* AKIFacebookNavigationViewController.xib in Resources */,
				848EE6CF1D48DD5300B7F780 /* Info.plist in Resources */,
				843038B81D5921D000083ADE /* image.jpg in Resources */,
				84F9A9EB1DABD8F500976209 /* AKILoginButton.xib in Resources */,
				84F9A9B81DAAB73F00976209 /* AKIFacebookFriendsViewController.xib in Resources */,
				84F9A9BE1DAAB76C00976209 /* AKIFacebookFriendDetailViewController.xib in Resources */,
			);
			runOnlyForDeploymentPostprocessing = 0;
		};
		848EE6791D48CFE700B7F780 /* Resources */ = {
			isa = PBXResourcesBuildPhase;
			buildActionMask = 2147483647;
			files = (
				848EE6C61D48D76400B7F780 /* Assets.xcassets in Resources */,
				848EE6C71D48D76800B7F780 /* LaunchScreen.storyboard in Resources */,
			);
			runOnlyForDeploymentPostprocessing = 0;
		};
/* End PBXResourcesBuildPhase section */

/* Begin PBXShellScriptBuildPhase section */
		12888C66DF1D2C5246BF384C /* [CP] Check Pods Manifest.lock */ = {
			isa = PBXShellScriptBuildPhase;
			buildActionMask = 2147483647;
			files = (
			);
			inputPaths = (
			);
			name = "[CP] Check Pods Manifest.lock";
			outputPaths = (
			);
			runOnlyForDeploymentPostprocessing = 0;
			shellPath = /bin/sh;
			shellScript = "diff \"${PODS_ROOT}/../Podfile.lock\" \"${PODS_ROOT}/Manifest.lock\" > /dev/null\nif [[ $? != 0 ]] ; then\n    cat << EOM\nerror: The sandbox is not in sync with the Podfile.lock. Run 'pod install' or update your CocoaPods installation.\nEOM\n    exit 1\nfi\n";
			showEnvVarsInLog = 0;
		};
		21A39272137D7E754DD96EE9 /* [CP] Check Pods Manifest.lock */ = {
			isa = PBXShellScriptBuildPhase;
			buildActionMask = 2147483647;
			files = (
			);
			inputPaths = (
			);
			name = "[CP] Check Pods Manifest.lock";
			outputPaths = (
			);
			runOnlyForDeploymentPostprocessing = 0;
			shellPath = /bin/sh;
			shellScript = "diff \"${PODS_ROOT}/../Podfile.lock\" \"${PODS_ROOT}/Manifest.lock\" > /dev/null\nif [[ $? != 0 ]] ; then\n    cat << EOM\nerror: The sandbox is not in sync with the Podfile.lock. Run 'pod install' or update your CocoaPods installation.\nEOM\n    exit 1\nfi\n";
			showEnvVarsInLog = 0;
		};
		4F881BB80D07040625C14029 /* [CP] Copy Pods Resources */ = {
			isa = PBXShellScriptBuildPhase;
			buildActionMask = 2147483647;
			files = (
			);
			inputPaths = (
			);
			name = "[CP] Copy Pods Resources";
			outputPaths = (
			);
			runOnlyForDeploymentPostprocessing = 0;
			shellPath = /bin/sh;
			shellScript = "\"${SRCROOT}/Pods/Target Support Files/Pods-iOSProject/Pods-iOSProject-resources.sh\"\n";
			showEnvVarsInLog = 0;
		};
		67AA1EC1AD0116589F5585C2 /* [CP] Copy Pods Resources */ = {
			isa = PBXShellScriptBuildPhase;
			buildActionMask = 2147483647;
			files = (
			);
			inputPaths = (
			);
			name = "[CP] Copy Pods Resources";
			outputPaths = (
			);
			runOnlyForDeploymentPostprocessing = 0;
			shellPath = /bin/sh;
			shellScript = "\"${SRCROOT}/Pods/Target Support Files/Pods-iOSProjectTests/Pods-iOSProjectTests-resources.sh\"\n";
			showEnvVarsInLog = 0;
		};
		B8A88D2168FEFE0A98B59485 /* [CP] Embed Pods Frameworks */ = {
			isa = PBXShellScriptBuildPhase;
			buildActionMask = 2147483647;
			files = (
			);
			inputPaths = (
			);
			name = "[CP] Embed Pods Frameworks";
			outputPaths = (
			);
			runOnlyForDeploymentPostprocessing = 0;
			shellPath = /bin/sh;
			shellScript = "\"${SRCROOT}/Pods/Target Support Files/Pods-iOSProject/Pods-iOSProject-frameworks.sh\"\n";
			showEnvVarsInLog = 0;
		};
/* End PBXShellScriptBuildPhase section */

/* Begin PBXSourcesBuildPhase section */
		848EE6591D48CEEE00B7F780 /* Sources */ = {
			isa = PBXSourcesBuildPhase;
			buildActionMask = 2147483647;
			files = (
				84F9A9B71DAAB73F00976209 /* AKIFacebookFriendsViewController.m in Sources */,
				84F9A9E71DABD7B100976209 /* AKILoginButton.m in Sources */,
				84F9A9F31DABE39E00976209 /* AKILoginContext.m in Sources */,
				8498D6BE1DA12C29004376FF /* AKIModel.m in Sources */,
				84F9A9C81DAACBAE00976209 /* AKIFacebookLoginButton.m in Sources */,
				84F9A98B1DA6858F00976209 /* AKILocalImageModel.m in Sources */,
				8498D6771DA12C19004376FF /* UIViewController+AKIExtensions.m in Sources */,
				8498D6701DA12C19004376FF /* NSMutableArray+AKIExtension.m in Sources */,
				84F9A9DF1DABB98D00976209 /* AKIFacebookFriendsDetailView.m in Sources */,
				8498D6B61DA12C29004376FF /* AKIObservableObject.m in Sources */,
				8498D6BF1DA12C29004376FF /* AKILoadingView.m in Sources */,
				8498D6B41DA12C29004376FF /* AKIMacro.m in Sources */,
				8498D6BC1DA12C29004376FF /* AKIArrayChangeModelMove.m in Sources */,
				8498D6811DA12C19004376FF /* AKILoadingViewContainer.m in Sources */,
				8498D6801DA12C19004376FF /* AKIImageView.m in Sources */,
				8498D6711DA12C19004376FF /* NSNotificationCenter+AKIExtensions.m in Sources */,
				8498D6721DA12C19004376FF /* NSObject+AKIExtensions.m in Sources */,
				84F9A95D1DA3C6CF00976209 /* NSFileManager+AKIExtensions.m in Sources */,
				84F9A98A1DA6858F00976209 /* AKIInternetImageModel.m in Sources */,
				848EE6FD1D48F7FB00B7F780 /* AKIAppDelegate.m in Sources */,
				84F9A99E1DA7CF5900976209 /* AKIImageModelCache.m in Sources */,
				8498D6731DA12C19004376FF /* NSString+AKIExtensions.m in Sources */,
				848EE6D01D48DD5300B7F780 /* main.m in Sources */,
				8498D6BB1DA12C29004376FF /* AKIArrayChangeModelOneIndex.m in Sources */,
				84F9A9B11DAAB70C00976209 /* AKIFacebookLoginViewController.m in Sources */,
				8498D6C11DA12C29004376FF /* AKIView.m in Sources */,
				8498D6781DA12C19004376FF /* UIWindow+AKIExtensions.m in Sources */,
				84F9A9BD1DAAB76C00976209 /* AKIFacebookFriendDetailViewController.m in Sources */,
				84F9A9D01DAAD02D00976209 /* AKIFacebookFriendsCell.m in Sources */,
				84F9A9C31DAAC5C800976209 /* AKIFacebookNavigationViewController.m in Sources */,
				8498D6B91DA12C29004376FF /* AKIArrayChangeModelDelete.m in Sources */,
				84F9A9D71DABACC500976209 /* AKIFacebookFriendsView.m in Sources */,
				84F9A9EF1DABE34D00976209 /* AKIContext.m in Sources */,
				84F9A9E31DABC41E00976209 /* AKIFacebookNavigationView.m in Sources */,
				8498D67C1DA12C19004376FF /* AKIUsersArrayModel.m in Sources */,
				8498D6741DA12C19004376FF /* UINib+AKIExtensions.m in Sources */,
				84F9A9891DA6858F00976209 /* AKIImageModel.m in Sources */,
				84F9A9F71DABE3BE00976209 /* AKIFriendsContext.m in Sources */,
				8498D6751DA12C19004376FF /* AKIArrayChangeModel+AKIExtensions.m in Sources */,
				8498D6BA1DA12C29004376FF /* AKIArrayChangeModelInsert.m in Sources */,
				8498D67E1DA12C19004376FF /* AKIUser.m in Sources */,
				8498D66F1DA12C19004376FF /* NSBundle+AKIExtensions.m in Sources */,
				8498D6B71DA12C29004376FF /* AKITableViewCell.m in Sources */,
				8498D6761DA12C19004376FF /* UITableView+AKIExtensions.m in Sources */,
				8498D66E1DA12C19004376FF /* NSArray+AKIExtensions.m in Sources */,
				8498D6BD1DA12C29004376FF /* AKIArrayChangeModelTwoIndexes.m in Sources */,
				8498D67F1DA12C19004376FF /* AKIAbstractViewController.m in Sources */,
				8498D6B81DA12C29004376FF /* AKIArrayChangeModel.m in Sources */,
				8498D6B51DA12C29004376FF /* AKIGCD.m in Sources */,
				8498D6791DA12C19004376FF /* AKIArrayModel.m in Sources */,
			);
			runOnlyForDeploymentPostprocessing = 0;
		};
		848EE6771D48CFE700B7F780 /* Sources */ = {
			isa = PBXSourcesBuildPhase;
			buildActionMask = 2147483647;
			files = (
				848EE67E1D48CFE700B7F780 /* iOSProjectTests.m in Sources */,
			);
			runOnlyForDeploymentPostprocessing = 0;
		};
/* End PBXSourcesBuildPhase section */

/* Begin PBXVariantGroup section */
		848EE6911D48D3EA00B7F780 /* LaunchScreen.storyboard */ = {
			isa = PBXVariantGroup;
			children = (
				848EE6921D48D3EA00B7F780 /* Base */,
			);
			name = LaunchScreen.storyboard;
			sourceTree = "<group>";
		};
		848EE7071D490B1A00B7F780 /* Main.storyboard */ = {
			isa = PBXVariantGroup;
			children = (
				848EE7081D490B1A00B7F780 /* Base */,
			);
			name = Main.storyboard;
			sourceTree = "<group>";
		};
/* End PBXVariantGroup section */

/* Begin XCBuildConfiguration section */
		848EE6721D48CEEE00B7F780 /* Debug */ = {
			isa = XCBuildConfiguration;
			buildSettings = {
				ALWAYS_SEARCH_USER_PATHS = NO;
				CLANG_ANALYZER_NONNULL = YES;
				CLANG_CXX_LANGUAGE_STANDARD = "gnu++0x";
				CLANG_CXX_LIBRARY = "libc++";
				CLANG_ENABLE_MODULES = YES;
				CLANG_ENABLE_OBJC_ARC = YES;
				CLANG_WARN_BOOL_CONVERSION = YES;
				CLANG_WARN_CONSTANT_CONVERSION = YES;
				CLANG_WARN_DIRECT_OBJC_ISA_USAGE = YES_ERROR;
				CLANG_WARN_EMPTY_BODY = YES;
				CLANG_WARN_ENUM_CONVERSION = YES;
				CLANG_WARN_INT_CONVERSION = YES;
				CLANG_WARN_OBJC_ROOT_CLASS = YES_ERROR;
				CLANG_WARN_UNREACHABLE_CODE = YES;
				CLANG_WARN__DUPLICATE_METHOD_MATCH = YES;
				"CODE_SIGN_IDENTITY[sdk=iphoneos*]" = "iPhone Developer";
				COPY_PHASE_STRIP = NO;
				DEBUG_INFORMATION_FORMAT = dwarf;
				ENABLE_STRICT_OBJC_MSGSEND = YES;
				ENABLE_TESTABILITY = YES;
				GCC_C_LANGUAGE_STANDARD = gnu99;
				GCC_DYNAMIC_NO_PIC = NO;
				GCC_NO_COMMON_BLOCKS = YES;
				GCC_OPTIMIZATION_LEVEL = 0;
				GCC_PREPROCESSOR_DEFINITIONS = (
					"DEBUG=1",
					"$(inherited)",
				);
				GCC_WARN_64_TO_32_BIT_CONVERSION = YES;
				GCC_WARN_ABOUT_RETURN_TYPE = YES_ERROR;
				GCC_WARN_UNDECLARED_SELECTOR = YES;
				GCC_WARN_UNINITIALIZED_AUTOS = YES_AGGRESSIVE;
				GCC_WARN_UNUSED_FUNCTION = YES;
				GCC_WARN_UNUSED_VARIABLE = YES;
				IPHONEOS_DEPLOYMENT_TARGET = 9.3;
				MTL_ENABLE_DEBUG_INFO = YES;
				ONLY_ACTIVE_ARCH = YES;
				SDKROOT = iphoneos;
			};
			name = Debug;
		};
		848EE6731D48CEEE00B7F780 /* Release */ = {
			isa = XCBuildConfiguration;
			buildSettings = {
				ALWAYS_SEARCH_USER_PATHS = NO;
				CLANG_ANALYZER_NONNULL = YES;
				CLANG_CXX_LANGUAGE_STANDARD = "gnu++0x";
				CLANG_CXX_LIBRARY = "libc++";
				CLANG_ENABLE_MODULES = YES;
				CLANG_ENABLE_OBJC_ARC = YES;
				CLANG_WARN_BOOL_CONVERSION = YES;
				CLANG_WARN_CONSTANT_CONVERSION = YES;
				CLANG_WARN_DIRECT_OBJC_ISA_USAGE = YES_ERROR;
				CLANG_WARN_EMPTY_BODY = YES;
				CLANG_WARN_ENUM_CONVERSION = YES;
				CLANG_WARN_INT_CONVERSION = YES;
				CLANG_WARN_OBJC_ROOT_CLASS = YES_ERROR;
				CLANG_WARN_UNREACHABLE_CODE = YES;
				CLANG_WARN__DUPLICATE_METHOD_MATCH = YES;
				"CODE_SIGN_IDENTITY[sdk=iphoneos*]" = "iPhone Developer";
				COPY_PHASE_STRIP = NO;
				DEBUG_INFORMATION_FORMAT = "dwarf-with-dsym";
				ENABLE_NS_ASSERTIONS = NO;
				ENABLE_STRICT_OBJC_MSGSEND = YES;
				GCC_C_LANGUAGE_STANDARD = gnu99;
				GCC_NO_COMMON_BLOCKS = YES;
				GCC_WARN_64_TO_32_BIT_CONVERSION = YES;
				GCC_WARN_ABOUT_RETURN_TYPE = YES_ERROR;
				GCC_WARN_UNDECLARED_SELECTOR = YES;
				GCC_WARN_UNINITIALIZED_AUTOS = YES_AGGRESSIVE;
				GCC_WARN_UNUSED_FUNCTION = YES;
				GCC_WARN_UNUSED_VARIABLE = YES;
				IPHONEOS_DEPLOYMENT_TARGET = 9.3;
				MTL_ENABLE_DEBUG_INFO = NO;
				SDKROOT = iphoneos;
				VALIDATE_PRODUCT = YES;
			};
			name = Release;
		};
		848EE6751D48CEEE00B7F780 /* Debug */ = {
			isa = XCBuildConfiguration;
			baseConfigurationReference = 11302A621AB4E5C9756705C0 /* Pods-iOSProject.debug.xcconfig */;
			buildSettings = {
				ASSETCATALOG_COMPILER_APPICON_NAME = AppIcon;
				FRAMEWORK_SEARCH_PATHS = (
					"$(inherited)",
					"$(PROJECT_DIR)",
				);
				INFOPLIST_FILE = iOSProject/Info.plist;
				IPHONEOS_DEPLOYMENT_TARGET = 9.3;
				LD_RUNPATH_SEARCH_PATHS = "$(inherited) @executable_path/Frameworks";
				PRODUCT_BUNDLE_IDENTIFIER = AKI.iOSProject;
				PRODUCT_NAME = "$(TARGET_NAME)";
			};
			name = Debug;
		};
		848EE6761D48CEEE00B7F780 /* Release */ = {
			isa = XCBuildConfiguration;
			baseConfigurationReference = 6E034D21D28E3456E96FEDFC /* Pods-iOSProject.release.xcconfig */;
			buildSettings = {
				ASSETCATALOG_COMPILER_APPICON_NAME = AppIcon;
				FRAMEWORK_SEARCH_PATHS = (
					"$(inherited)",
					"$(PROJECT_DIR)",
				);
				INFOPLIST_FILE = iOSProject/Info.plist;
				IPHONEOS_DEPLOYMENT_TARGET = 9.3;
				LD_RUNPATH_SEARCH_PATHS = "$(inherited) @executable_path/Frameworks";
				PRODUCT_BUNDLE_IDENTIFIER = AKI.iOSProject;
				PRODUCT_NAME = "$(TARGET_NAME)";
			};
			name = Release;
		};
		848EE6811D48CFE700B7F780 /* Debug */ = {
			isa = XCBuildConfiguration;
			baseConfigurationReference = DADE9593A11952A892FE14DC /* Pods-iOSProjectTests.debug.xcconfig */;
			buildSettings = {
				CODE_SIGN_IDENTITY = "-";
				COMBINE_HIDPI_IMAGES = YES;
				INFOPLIST_FILE = iOSProjectTests/Info.plist;
				LD_RUNPATH_SEARCH_PATHS = "$(inherited) @executable_path/../Frameworks @loader_path/../Frameworks";
				MACOSX_DEPLOYMENT_TARGET = 10.11;
				PRODUCT_BUNDLE_IDENTIFIER = AKI.iOSProjectTests;
				PRODUCT_NAME = "$(TARGET_NAME)";
				SDKROOT = macosx;
			};
			name = Debug;
		};
		848EE6821D48CFE700B7F780 /* Release */ = {
			isa = XCBuildConfiguration;
			baseConfigurationReference = 664109B08106708294D9A04F /* Pods-iOSProjectTests.release.xcconfig */;
			buildSettings = {
				CODE_SIGN_IDENTITY = "-";
				COMBINE_HIDPI_IMAGES = YES;
				INFOPLIST_FILE = iOSProjectTests/Info.plist;
				LD_RUNPATH_SEARCH_PATHS = "$(inherited) @executable_path/../Frameworks @loader_path/../Frameworks";
				MACOSX_DEPLOYMENT_TARGET = 10.11;
				PRODUCT_BUNDLE_IDENTIFIER = AKI.iOSProjectTests;
				PRODUCT_NAME = "$(TARGET_NAME)";
				SDKROOT = macosx;
			};
			name = Release;
		};
/* End XCBuildConfiguration section */

/* Begin XCConfigurationList section */
		848EE6581D48CEEE00B7F780 /* Build configuration list for PBXProject "iOSProject" */ = {
			isa = XCConfigurationList;
			buildConfigurations = (
				848EE6721D48CEEE00B7F780 /* Debug */,
				848EE6731D48CEEE00B7F780 /* Release */,
			);
			defaultConfigurationIsVisible = 0;
			defaultConfigurationName = Release;
		};
		848EE6741D48CEEE00B7F780 /* Build configuration list for PBXNativeTarget "iOSProject" */ = {
			isa = XCConfigurationList;
			buildConfigurations = (
				848EE6751D48CEEE00B7F780 /* Debug */,
				848EE6761D48CEEE00B7F780 /* Release */,
			);
			defaultConfigurationIsVisible = 0;
			defaultConfigurationName = Release;
		};
		848EE6801D48CFE700B7F780 /* Build configuration list for PBXNativeTarget "iOSProjectTests" */ = {
			isa = XCConfigurationList;
			buildConfigurations = (
				848EE6811D48CFE700B7F780 /* Debug */,
				848EE6821D48CFE700B7F780 /* Release */,
			);
			defaultConfigurationIsVisible = 0;
			defaultConfigurationName = Release;
		};
/* End XCConfigurationList section */
	};
	rootObject = 848EE6551D48CEEE00B7F780 /* Project object */;
}
