// !$*UTF8*$!
{
	archiveVersion = 1;
	classes = {
	};
	objectVersion = 46;
	objects = {

/* Begin PBXBuildFile section */
		841A43961D849BEF00297BF5 /* NSBundle+AKIExtensions.m in Sources */ = {isa = PBXBuildFile; fileRef = 841A43951D849BEF00297BF5 /* NSBundle+AKIExtensions.m */; };
		841A439E1D89ABEC00297BF5 /* AKIFilteredArrayModel.m in Sources */ = {isa = PBXBuildFile; fileRef = 841A439D1D89ABEB00297BF5 /* AKIFilteredArrayModel.m */; };
		841A43A21D8AF2D600297BF5 /* AKIImageView.m in Sources */ = {isa = PBXBuildFile; fileRef = 841A43A11D8AF2D600297BF5 /* AKIImageView.m */; };
		841A43A61D8AF38400297BF5 /* AKILoadingView.m in Sources */ = {isa = PBXBuildFile; fileRef = 841A43A51D8AF38400297BF5 /* AKILoadingView.m */; };
		843038B81D5921D000083ADE /* image.jpg in Resources */ = {isa = PBXBuildFile; fileRef = 843038B71D5921D000083ADE /* image.jpg */; };
		843038C31D5C8D4100083ADE /* AKIUser.m in Sources */ = {isa = PBXBuildFile; fileRef = 843038C21D5C8D4100083ADE /* AKIUser.m */; };
		843038C81D5C970100083ADE /* AKIMacro.m in Sources */ = {isa = PBXBuildFile; fileRef = 843038C61D5C970100083ADE /* AKIMacro.m */; };
		843038FB1D63457300083ADE /* AKIImageModel.m in Sources */ = {isa = PBXBuildFile; fileRef = 843038FA1D63457300083ADE /* AKIImageModel.m */; };
		843039081D65CC6800083ADE /* AKITableViewCell.m in Sources */ = {isa = PBXBuildFile; fileRef = 843039071D65CC6800083ADE /* AKITableViewCell.m */; };
		8430391F1D6A2EFD00083ADE /* AKIArrayModel.m in Sources */ = {isa = PBXBuildFile; fileRef = 8430391E1D6A2EFD00083ADE /* AKIArrayModel.m */; };
		843039301D6C7DD500083ADE /* NSArray+AKIExtensions.m in Sources */ = {isa = PBXBuildFile; fileRef = 843039261D6C7DD500083ADE /* NSArray+AKIExtensions.m */; };
		843039311D6C7DD500083ADE /* NSString+AKIExtensions.m in Sources */ = {isa = PBXBuildFile; fileRef = 843039291D6C7DD500083ADE /* NSString+AKIExtensions.m */; };
		843039321D6C7DD500083ADE /* UINib+AKIExtensions.m in Sources */ = {isa = PBXBuildFile; fileRef = 8430392C1D6C7DD500083ADE /* UINib+AKIExtensions.m */; };
		843039331D6C7DD500083ADE /* UITableView+AKIExtensions.m in Sources */ = {isa = PBXBuildFile; fileRef = 8430392F1D6C7DD500083ADE /* UITableView+AKIExtensions.m */; };
		8430393B1D6CB16400083ADE /* AKIGCD.m in Sources */ = {isa = PBXBuildFile; fileRef = 8430393A1D6CB16400083ADE /* AKIGCD.m */; };
		843039481D6F0DDC00083ADE /* AKIUsersViewController.xib in Resources */ = {isa = PBXBuildFile; fileRef = 8430393F1D6F0DDC00083ADE /* AKIUsersViewController.xib */; };
		843039491D6F0DDC00083ADE /* AKIUserView.m in Sources */ = {isa = PBXBuildFile; fileRef = 843039411D6F0DDC00083ADE /* AKIUserView.m */; };
		8430394A1D6F0DDC00083ADE /* AKIUserCell.m in Sources */ = {isa = PBXBuildFile; fileRef = 843039451D6F0DDC00083ADE /* AKIUserCell.m */; };
		8430394B1D6F0DDC00083ADE /* AKIUserCell.xib in Resources */ = {isa = PBXBuildFile; fileRef = 843039461D6F0DDC00083ADE /* AKIUserCell.xib */; };
		8430394D1D6F1D6C00083ADE /* AKIUsersViewController.m in Sources */ = {isa = PBXBuildFile; fileRef = 8430394C1D6F1D6C00083ADE /* AKIUsersViewController.m */; };
		843039511D719F6700083ADE /* AKIObservableObject.m in Sources */ = {isa = PBXBuildFile; fileRef = 843039501D719F6700083ADE /* AKIObservableObject.m */; };
		843039591D75C0B000083ADE /* AKIArrayChangeModel.m in Sources */ = {isa = PBXBuildFile; fileRef = 843039581D75C0B000083ADE /* AKIArrayChangeModel.m */; };
		8430395D1D75E44F00083ADE /* NSMutableArray+AKIExtension.m in Sources */ = {isa = PBXBuildFile; fileRef = 8430395C1D75E44F00083ADE /* NSMutableArray+AKIExtension.m */; };
		843039611D78884E00083ADE /* UIViewController+AKIExtensions.m in Sources */ = {isa = PBXBuildFile; fileRef = 843039601D78884E00083ADE /* UIViewController+AKIExtensions.m */; };
		843039651D79B13200083ADE /* AKIUsersArrayModel.m in Sources */ = {isa = PBXBuildFile; fileRef = 843039641D79B13200083ADE /* AKIUsersArrayModel.m */; };
		843039A81D7EF99200083ADE /* AKIArrayChangeModel+AKIExtensions.m in Sources */ = {isa = PBXBuildFile; fileRef = 843039A71D7EF99200083ADE /* AKIArrayChangeModel+AKIExtensions.m */; };
		843039C91D82E69300083ADE /* AKIArrayChangeModelDelete.m in Sources */ = {isa = PBXBuildFile; fileRef = 843039BD1D82E69200083ADE /* AKIArrayChangeModelDelete.m */; };
		843039CA1D82E69300083ADE /* AKIArrayChangeModelInsert.m in Sources */ = {isa = PBXBuildFile; fileRef = 843039C01D82E69200083ADE /* AKIArrayChangeModelInsert.m */; };
		843039CB1D82E69300083ADE /* AKIArrayChangeModelOneIndex.m in Sources */ = {isa = PBXBuildFile; fileRef = 843039C21D82E69200083ADE /* AKIArrayChangeModelOneIndex.m */; };
		843039CC1D82E69300083ADE /* AKIArrayChangeModelMove.m in Sources */ = {isa = PBXBuildFile; fileRef = 843039C61D82E69200083ADE /* AKIArrayChangeModelMove.m */; };
		843039CD1D82E69300083ADE /* AKIArrayChangeModelTwoIndexes.m in Sources */ = {isa = PBXBuildFile; fileRef = 843039C81D82E69200083ADE /* AKIArrayChangeModelTwoIndexes.m */; };
		843039D11D8306D500083ADE /* UIWindow+AKIExtensions.m in Sources */ = {isa = PBXBuildFile; fileRef = 843039D01D8306D500083ADE /* UIWindow+AKIExtensions.m */; };
		848A319E1D8C47C400622365 /* AKILoadingView.xib in Resources */ = {isa = PBXBuildFile; fileRef = 848A319D1D8C47C400622365 /* AKILoadingView.xib */; };
		848EE67E1D48CFE700B7F780 /* iOSProjectTests.m in Sources */ = {isa = PBXBuildFile; fileRef = 848EE67D1D48CFE700B7F780 /* iOSProjectTests.m */; };
		848EE69A1D48D3EA00B7F780 /* Assets.xcassets in Resources */ = {isa = PBXBuildFile; fileRef = 848EE6901D48D3EA00B7F780 /* Assets.xcassets */; };
		848EE69B1D48D3EA00B7F780 /* LaunchScreen.storyboard in Resources */ = {isa = PBXBuildFile; fileRef = 848EE6911D48D3EA00B7F780 /* LaunchScreen.storyboard */; };
		848EE6C61D48D76400B7F780 /* Assets.xcassets in Resources */ = {isa = PBXBuildFile; fileRef = 848EE6901D48D3EA00B7F780 /* Assets.xcassets */; };
		848EE6C71D48D76800B7F780 /* LaunchScreen.storyboard in Resources */ = {isa = PBXBuildFile; fileRef = 848EE6911D48D3EA00B7F780 /* LaunchScreen.storyboard */; };
		848EE6CF1D48DD5300B7F780 /* Info.plist in Resources */ = {isa = PBXBuildFile; fileRef = 848EE6CD1D48DD5300B7F780 /* Info.plist */; };
		848EE6D01D48DD5300B7F780 /* main.m in Sources */ = {isa = PBXBuildFile; fileRef = 848EE6CE1D48DD5300B7F780 /* main.m */; };
		848EE6FD1D48F7FB00B7F780 /* AKIAppDelegate.m in Sources */ = {isa = PBXBuildFile; fileRef = 848EE6FC1D48F7FB00B7F780 /* AKIAppDelegate.m */; };
		848EE7091D490B1A00B7F780 /* Main.storyboard in Resources */ = {isa = PBXBuildFile; fileRef = 848EE7071D490B1A00B7F780 /* Main.storyboard */; };
		C550B8DBB0EE0507BFA3F1C1 /* libPods-iOSProject.a in Frameworks */ = {isa = PBXBuildFile; fileRef = DAF4BDE66977EDE9EA23314F /* libPods-iOSProject.a */; };
		CEDD97692454920BF46A0BC8 /* libPods-iOSProjectTests.a in Frameworks */ = {isa = PBXBuildFile; fileRef = C1DD131D430834B8AAACB0A2 /* libPods-iOSProjectTests.a */; };
/* End PBXBuildFile section */

/* Begin PBXFileReference section */
		11302A621AB4E5C9756705C0 /* Pods-iOSProject.debug.xcconfig */ = {isa = PBXFileReference; includeInIndex = 1; lastKnownFileType = text.xcconfig; name = "Pods-iOSProject.debug.xcconfig"; path = "Pods/Target Support Files/Pods-iOSProject/Pods-iOSProject.debug.xcconfig"; sourceTree = "<group>"; };
		664109B08106708294D9A04F /* Pods-iOSProjectTests.release.xcconfig */ = {isa = PBXFileReference; includeInIndex = 1; lastKnownFileType = text.xcconfig; name = "Pods-iOSProjectTests.release.xcconfig"; path = "Pods/Target Support Files/Pods-iOSProjectTests/Pods-iOSProjectTests.release.xcconfig"; sourceTree = "<group>"; };
		6E034D21D28E3456E96FEDFC /* Pods-iOSProject.release.xcconfig */ = {isa = PBXFileReference; includeInIndex = 1; lastKnownFileType = text.xcconfig; name = "Pods-iOSProject.release.xcconfig"; path = "Pods/Target Support Files/Pods-iOSProject/Pods-iOSProject.release.xcconfig"; sourceTree = "<group>"; };
		841A43941D849BEF00297BF5 /* NSBundle+AKIExtensions.h */ = {isa = PBXFileReference; fileEncoding = 4; lastKnownFileType = sourcecode.c.h; path = "NSBundle+AKIExtensions.h"; sourceTree = "<group>"; };
		841A43951D849BEF00297BF5 /* NSBundle+AKIExtensions.m */ = {isa = PBXFileReference; fileEncoding = 4; lastKnownFileType = sourcecode.c.objc; path = "NSBundle+AKIExtensions.m"; sourceTree = "<group>"; };
		841A439C1D89ABEB00297BF5 /* AKIFilteredArrayModel.h */ = {isa = PBXFileReference; fileEncoding = 4; lastKnownFileType = sourcecode.c.h; path = AKIFilteredArrayModel.h; sourceTree = "<group>"; };
		841A439D1D89ABEB00297BF5 /* AKIFilteredArrayModel.m */ = {isa = PBXFileReference; fileEncoding = 4; lastKnownFileType = sourcecode.c.objc; path = AKIFilteredArrayModel.m; sourceTree = "<group>"; };
		841A43A01D8AF2D600297BF5 /* AKIImageView.h */ = {isa = PBXFileReference; fileEncoding = 4; lastKnownFileType = sourcecode.c.h; path = AKIImageView.h; sourceTree = "<group>"; };
		841A43A11D8AF2D600297BF5 /* AKIImageView.m */ = {isa = PBXFileReference; fileEncoding = 4; lastKnownFileType = sourcecode.c.objc; path = AKIImageView.m; sourceTree = "<group>"; };
		841A43A41D8AF38400297BF5 /* AKILoadingView.h */ = {isa = PBXFileReference; fileEncoding = 4; lastKnownFileType = sourcecode.c.h; path = AKILoadingView.h; sourceTree = "<group>"; };
		841A43A51D8AF38400297BF5 /* AKILoadingView.m */ = {isa = PBXFileReference; fileEncoding = 4; lastKnownFileType = sourcecode.c.objc; path = AKILoadingView.m; sourceTree = "<group>"; };
		843038B71D5921D000083ADE /* image.jpg */ = {isa = PBXFileReference; lastKnownFileType = image.jpeg; path = image.jpg; sourceTree = "<group>"; };
		843038C11D5C8D4100083ADE /* AKIUser.h */ = {isa = PBXFileReference; fileEncoding = 4; lastKnownFileType = sourcecode.c.h; path = AKIUser.h; sourceTree = "<group>"; };
		843038C21D5C8D4100083ADE /* AKIUser.m */ = {isa = PBXFileReference; fileEncoding = 4; lastKnownFileType = sourcecode.c.objc; path = AKIUser.m; sourceTree = "<group>"; };
		843038C51D5C970100083ADE /* AKIMacro.h */ = {isa = PBXFileReference; fileEncoding = 4; lastKnownFileType = sourcecode.c.h; path = AKIMacro.h; sourceTree = "<group>"; };
		843038C61D5C970100083ADE /* AKIMacro.m */ = {isa = PBXFileReference; fileEncoding = 4; lastKnownFileType = sourcecode.c.objc; path = AKIMacro.m; sourceTree = "<group>"; };
		843038F91D63457300083ADE /* AKIImageModel.h */ = {isa = PBXFileReference; fileEncoding = 4; lastKnownFileType = sourcecode.c.h; path = AKIImageModel.h; sourceTree = "<group>"; };
		843038FA1D63457300083ADE /* AKIImageModel.m */ = {isa = PBXFileReference; fileEncoding = 4; lastKnownFileType = sourcecode.c.objc; path = AKIImageModel.m; sourceTree = "<group>"; };
		843039061D65CC6800083ADE /* AKITableViewCell.h */ = {isa = PBXFileReference; fileEncoding = 4; lastKnownFileType = sourcecode.c.h; path = AKITableViewCell.h; sourceTree = "<group>"; };
		843039071D65CC6800083ADE /* AKITableViewCell.m */ = {isa = PBXFileReference; fileEncoding = 4; lastKnownFileType = sourcecode.c.objc; path = AKITableViewCell.m; sourceTree = "<group>"; };
		8430391D1D6A2EFD00083ADE /* AKIArrayModel.h */ = {isa = PBXFileReference; fileEncoding = 4; lastKnownFileType = sourcecode.c.h; path = AKIArrayModel.h; sourceTree = "<group>"; };
		8430391E1D6A2EFD00083ADE /* AKIArrayModel.m */ = {isa = PBXFileReference; fileEncoding = 4; lastKnownFileType = sourcecode.c.objc; path = AKIArrayModel.m; sourceTree = "<group>"; };
		843039251D6C7DD500083ADE /* NSArray+AKIExtensions.h */ = {isa = PBXFileReference; fileEncoding = 4; lastKnownFileType = sourcecode.c.h; path = "NSArray+AKIExtensions.h"; sourceTree = "<group>"; };
		843039261D6C7DD500083ADE /* NSArray+AKIExtensions.m */ = {isa = PBXFileReference; fileEncoding = 4; lastKnownFileType = sourcecode.c.objc; path = "NSArray+AKIExtensions.m"; sourceTree = "<group>"; };
		843039281D6C7DD500083ADE /* NSString+AKIExtensions.h */ = {isa = PBXFileReference; fileEncoding = 4; lastKnownFileType = sourcecode.c.h; path = "NSString+AKIExtensions.h"; sourceTree = "<group>"; };
		843039291D6C7DD500083ADE /* NSString+AKIExtensions.m */ = {isa = PBXFileReference; fileEncoding = 4; lastKnownFileType = sourcecode.c.objc; path = "NSString+AKIExtensions.m"; sourceTree = "<group>"; };
		8430392B1D6C7DD500083ADE /* UINib+AKIExtensions.h */ = {isa = PBXFileReference; fileEncoding = 4; lastKnownFileType = sourcecode.c.h; path = "UINib+AKIExtensions.h"; sourceTree = "<group>"; };
		8430392C1D6C7DD500083ADE /* UINib+AKIExtensions.m */ = {isa = PBXFileReference; fileEncoding = 4; lastKnownFileType = sourcecode.c.objc; path = "UINib+AKIExtensions.m"; sourceTree = "<group>"; };
		8430392E1D6C7DD500083ADE /* UITableView+AKIExtensions.h */ = {isa = PBXFileReference; fileEncoding = 4; lastKnownFileType = sourcecode.c.h; path = "UITableView+AKIExtensions.h"; sourceTree = "<group>"; };
		8430392F1D6C7DD500083ADE /* UITableView+AKIExtensions.m */ = {isa = PBXFileReference; fileEncoding = 4; lastKnownFileType = sourcecode.c.objc; path = "UITableView+AKIExtensions.m"; sourceTree = "<group>"; };
		843039391D6CB16400083ADE /* AKIGCD.h */ = {isa = PBXFileReference; fileEncoding = 4; lastKnownFileType = sourcecode.c.h; path = AKIGCD.h; sourceTree = "<group>"; };
		8430393A1D6CB16400083ADE /* AKIGCD.m */ = {isa = PBXFileReference; fileEncoding = 4; lastKnownFileType = sourcecode.c.objc; path = AKIGCD.m; sourceTree = "<group>"; };
		8430393E1D6F0DDC00083ADE /* AKIUsersViewController.h */ = {isa = PBXFileReference; fileEncoding = 4; lastKnownFileType = sourcecode.c.h; path = AKIUsersViewController.h; sourceTree = "<group>"; };
		8430393F1D6F0DDC00083ADE /* AKIUsersViewController.xib */ = {isa = PBXFileReference; fileEncoding = 4; lastKnownFileType = file.xib; path = AKIUsersViewController.xib; sourceTree = "<group>"; };
		843039401D6F0DDC00083ADE /* AKIUserView.h */ = {isa = PBXFileReference; fileEncoding = 4; lastKnownFileType = sourcecode.c.h; path = AKIUserView.h; sourceTree = "<group>"; };
		843039411D6F0DDC00083ADE /* AKIUserView.m */ = {isa = PBXFileReference; fileEncoding = 4; lastKnownFileType = sourcecode.c.objc; path = AKIUserView.m; sourceTree = "<group>"; };
		843039441D6F0DDC00083ADE /* AKIUserCell.h */ = {isa = PBXFileReference; fileEncoding = 4; lastKnownFileType = sourcecode.c.h; path = AKIUserCell.h; sourceTree = "<group>"; };
		843039451D6F0DDC00083ADE /* AKIUserCell.m */ = {isa = PBXFileReference; fileEncoding = 4; lastKnownFileType = sourcecode.c.objc; path = AKIUserCell.m; sourceTree = "<group>"; };
		843039461D6F0DDC00083ADE /* AKIUserCell.xib */ = {isa = PBXFileReference; fileEncoding = 4; lastKnownFileType = file.xib; path = AKIUserCell.xib; sourceTree = "<group>"; };
		8430394C1D6F1D6C00083ADE /* AKIUsersViewController.m */ = {isa = PBXFileReference; fileEncoding = 4; lastKnownFileType = sourcecode.c.objc; path = AKIUsersViewController.m; sourceTree = "<group>"; };
		8430394F1D719F6700083ADE /* AKIObservableObject.h */ = {isa = PBXFileReference; fileEncoding = 4; lastKnownFileType = sourcecode.c.h; path = AKIObservableObject.h; sourceTree = "<group>"; };
		843039501D719F6700083ADE /* AKIObservableObject.m */ = {isa = PBXFileReference; fileEncoding = 4; lastKnownFileType = sourcecode.c.objc; path = AKIObservableObject.m; sourceTree = "<group>"; };
		843039571D75C0B000083ADE /* AKIArrayChangeModel.h */ = {isa = PBXFileReference; fileEncoding = 4; lastKnownFileType = sourcecode.c.h; path = AKIArrayChangeModel.h; sourceTree = "<group>"; };
		843039581D75C0B000083ADE /* AKIArrayChangeModel.m */ = {isa = PBXFileReference; fileEncoding = 4; lastKnownFileType = sourcecode.c.objc; path = AKIArrayChangeModel.m; sourceTree = "<group>"; };
		8430395B1D75E44F00083ADE /* NSMutableArray+AKIExtension.h */ = {isa = PBXFileReference; fileEncoding = 4; lastKnownFileType = sourcecode.c.h; path = "NSMutableArray+AKIExtension.h"; sourceTree = "<group>"; };
		8430395C1D75E44F00083ADE /* NSMutableArray+AKIExtension.m */ = {isa = PBXFileReference; fileEncoding = 4; lastKnownFileType = sourcecode.c.objc; path = "NSMutableArray+AKIExtension.m"; sourceTree = "<group>"; };
		8430395F1D78884E00083ADE /* UIViewController+AKIExtensions.h */ = {isa = PBXFileReference; fileEncoding = 4; lastKnownFileType = sourcecode.c.h; path = "UIViewController+AKIExtensions.h"; sourceTree = "<group>"; };
		843039601D78884E00083ADE /* UIViewController+AKIExtensions.m */ = {isa = PBXFileReference; fileEncoding = 4; lastKnownFileType = sourcecode.c.objc; path = "UIViewController+AKIExtensions.m"; sourceTree = "<group>"; };
		843039631D79B13200083ADE /* AKIUsersArrayModel.h */ = {isa = PBXFileReference; fileEncoding = 4; lastKnownFileType = sourcecode.c.h; path = AKIUsersArrayModel.h; sourceTree = "<group>"; };
		843039641D79B13200083ADE /* AKIUsersArrayModel.m */ = {isa = PBXFileReference; fileEncoding = 4; lastKnownFileType = sourcecode.c.objc; path = AKIUsersArrayModel.m; sourceTree = "<group>"; };
		843039A61D7EF99200083ADE /* AKIArrayChangeModel+AKIExtensions.h */ = {isa = PBXFileReference; fileEncoding = 4; lastKnownFileType = sourcecode.c.h; path = "AKIArrayChangeModel+AKIExtensions.h"; sourceTree = "<group>"; };
		843039A71D7EF99200083ADE /* AKIArrayChangeModel+AKIExtensions.m */ = {isa = PBXFileReference; fileEncoding = 4; lastKnownFileType = sourcecode.c.objc; path = "AKIArrayChangeModel+AKIExtensions.m"; sourceTree = "<group>"; };
		843039BC1D82E69200083ADE /* AKIArrayChangeModelDelete.h */ = {isa = PBXFileReference; fileEncoding = 4; lastKnownFileType = sourcecode.c.h; path = AKIArrayChangeModelDelete.h; sourceTree = "<group>"; };
		843039BD1D82E69200083ADE /* AKIArrayChangeModelDelete.m */ = {isa = PBXFileReference; fileEncoding = 4; lastKnownFileType = sourcecode.c.objc; path = AKIArrayChangeModelDelete.m; sourceTree = "<group>"; };
		843039BF1D82E69200083ADE /* AKIArrayChangeModelInsert.h */ = {isa = PBXFileReference; fileEncoding = 4; lastKnownFileType = sourcecode.c.h; path = AKIArrayChangeModelInsert.h; sourceTree = "<group>"; };
		843039C01D82E69200083ADE /* AKIArrayChangeModelInsert.m */ = {isa = PBXFileReference; fileEncoding = 4; lastKnownFileType = sourcecode.c.objc; path = AKIArrayChangeModelInsert.m; sourceTree = "<group>"; };
		843039C11D82E69200083ADE /* AKIArrayChangeModelOneIndex.h */ = {isa = PBXFileReference; fileEncoding = 4; lastKnownFileType = sourcecode.c.h; path = AKIArrayChangeModelOneIndex.h; sourceTree = "<group>"; };
		843039C21D82E69200083ADE /* AKIArrayChangeModelOneIndex.m */ = {isa = PBXFileReference; fileEncoding = 4; lastKnownFileType = sourcecode.c.objc; path = AKIArrayChangeModelOneIndex.m; sourceTree = "<group>"; };
		843039C51D82E69200083ADE /* AKIArrayChangeModelMove.h */ = {isa = PBXFileReference; fileEncoding = 4; lastKnownFileType = sourcecode.c.h; path = AKIArrayChangeModelMove.h; sourceTree = "<group>"; };
		843039C61D82E69200083ADE /* AKIArrayChangeModelMove.m */ = {isa = PBXFileReference; fileEncoding = 4; lastKnownFileType = sourcecode.c.objc; path = AKIArrayChangeModelMove.m; sourceTree = "<group>"; };
		843039C71D82E69200083ADE /* AKIArrayChangeModelTwoIndexes.h */ = {isa = PBXFileReference; fileEncoding = 4; lastKnownFileType = sourcecode.c.h; path = AKIArrayChangeModelTwoIndexes.h; sourceTree = "<group>"; };
		843039C81D82E69200083ADE /* AKIArrayChangeModelTwoIndexes.m */ = {isa = PBXFileReference; fileEncoding = 4; lastKnownFileType = sourcecode.c.objc; path = AKIArrayChangeModelTwoIndexes.m; sourceTree = "<group>"; };
		843039CF1D8306D500083ADE /* UIWindow+AKIExtensions.h */ = {isa = PBXFileReference; fileEncoding = 4; lastKnownFileType = sourcecode.c.h; path = "UIWindow+AKIExtensions.h"; sourceTree = "<group>"; };
		843039D01D8306D500083ADE /* UIWindow+AKIExtensions.m */ = {isa = PBXFileReference; fileEncoding = 4; lastKnownFileType = sourcecode.c.objc; path = "UIWindow+AKIExtensions.m"; sourceTree = "<group>"; };
		848A319D1D8C47C400622365 /* AKILoadingView.xib */ = {isa = PBXFileReference; fileEncoding = 4; lastKnownFileType = file.xib; path = AKILoadingView.xib; sourceTree = "<group>"; };
		848EE65D1D48CEEE00B7F780 /* iOSProject.app */ = {isa = PBXFileReference; explicitFileType = wrapper.application; includeInIndex = 0; path = iOSProject.app; sourceTree = BUILT_PRODUCTS_DIR; };
		848EE67B1D48CFE700B7F780 /* iOSProjectTests.xctest */ = {isa = PBXFileReference; explicitFileType = wrapper.cfbundle; includeInIndex = 0; path = iOSProjectTests.xctest; sourceTree = BUILT_PRODUCTS_DIR; };
		848EE67D1D48CFE700B7F780 /* iOSProjectTests.m */ = {isa = PBXFileReference; lastKnownFileType = sourcecode.c.objc; path = iOSProjectTests.m; sourceTree = "<group>"; };
		848EE6901D48D3EA00B7F780 /* Assets.xcassets */ = {isa = PBXFileReference; lastKnownFileType = folder.assetcatalog; path = Assets.xcassets; sourceTree = "<group>"; };
		848EE6921D48D3EA00B7F780 /* Base */ = {isa = PBXFileReference; lastKnownFileType = file.storyboard; name = Base; path = Base.lproj/LaunchScreen.storyboard; sourceTree = "<group>"; };
		848EE6CD1D48DD5300B7F780 /* Info.plist */ = {isa = PBXFileReference; fileEncoding = 4; lastKnownFileType = text.plist.xml; path = Info.plist; sourceTree = "<group>"; };
		848EE6CE1D48DD5300B7F780 /* main.m */ = {isa = PBXFileReference; fileEncoding = 4; lastKnownFileType = sourcecode.c.objc; path = main.m; sourceTree = "<group>"; };
		848EE6FB1D48F7FB00B7F780 /* AKIAppDelegate.h */ = {isa = PBXFileReference; fileEncoding = 4; lastKnownFileType = sourcecode.c.h; path = AKIAppDelegate.h; sourceTree = "<group>"; };
		848EE6FC1D48F7FB00B7F780 /* AKIAppDelegate.m */ = {isa = PBXFileReference; fileEncoding = 4; lastKnownFileType = sourcecode.c.objc; path = AKIAppDelegate.m; sourceTree = "<group>"; };
		848EE7081D490B1A00B7F780 /* Base */ = {isa = PBXFileReference; lastKnownFileType = file.storyboard; name = Base; path = Base.lproj/Main.storyboard; sourceTree = "<group>"; };
		C1DD131D430834B8AAACB0A2 /* libPods-iOSProjectTests.a */ = {isa = PBXFileReference; explicitFileType = archive.ar; includeInIndex = 0; path = "libPods-iOSProjectTests.a"; sourceTree = BUILT_PRODUCTS_DIR; };
		DADE9593A11952A892FE14DC /* Pods-iOSProjectTests.debug.xcconfig */ = {isa = PBXFileReference; includeInIndex = 1; lastKnownFileType = text.xcconfig; name = "Pods-iOSProjectTests.debug.xcconfig"; path = "Pods/Target Support Files/Pods-iOSProjectTests/Pods-iOSProjectTests.debug.xcconfig"; sourceTree = "<group>"; };
		DAF4BDE66977EDE9EA23314F /* libPods-iOSProject.a */ = {isa = PBXFileReference; explicitFileType = archive.ar; includeInIndex = 0; path = "libPods-iOSProject.a"; sourceTree = BUILT_PRODUCTS_DIR; };
/* End PBXFileReference section */

/* Begin PBXFrameworksBuildPhase section */
		848EE65A1D48CEEE00B7F780 /* Frameworks */ = {
			isa = PBXFrameworksBuildPhase;
			buildActionMask = 2147483647;
			files = (
				C550B8DBB0EE0507BFA3F1C1 /* libPods-iOSProject.a in Frameworks */,
			);
			runOnlyForDeploymentPostprocessing = 0;
		};
		848EE6781D48CFE700B7F780 /* Frameworks */ = {
			isa = PBXFrameworksBuildPhase;
			buildActionMask = 2147483647;
			files = (
				CEDD97692454920BF46A0BC8 /* libPods-iOSProjectTests.a in Frameworks */,
			);
			runOnlyForDeploymentPostprocessing = 0;
		};
/* End PBXFrameworksBuildPhase section */

/* Begin PBXGroup section */
		841A43931D849BCE00297BF5 /* NSBundle */ = {
			isa = PBXGroup;
			children = (
				841A43941D849BEF00297BF5 /* NSBundle+AKIExtensions.h */,
				841A43951D849BEF00297BF5 /* NSBundle+AKIExtensions.m */,
			);
			path = NSBundle;
			sourceTree = "<group>";
		};
		841A439B1D89ABD100297BF5 /* AKIFilteredArrayModel */ = {
			isa = PBXGroup;
			children = (
				841A439C1D89ABEB00297BF5 /* AKIFilteredArrayModel.h */,
				841A439D1D89ABEB00297BF5 /* AKIFilteredArrayModel.m */,
			);
			path = AKIFilteredArrayModel;
			sourceTree = "<group>";
		};
		841A439F1D8AF22900297BF5 /* AKIImageView */ = {
			isa = PBXGroup;
			children = (
				841A43A01D8AF2D600297BF5 /* AKIImageView.h */,
				841A43A11D8AF2D600297BF5 /* AKIImageView.m */,
			);
			path = AKIImageView;
			sourceTree = "<group>";
		};
		841A43A31D8AF35700297BF5 /* AKILoadingView */ = {
			isa = PBXGroup;
			children = (
				841A43A41D8AF38400297BF5 /* AKILoadingView.h */,
				841A43A51D8AF38400297BF5 /* AKILoadingView.m */,
				848A319D1D8C47C400622365 /* AKILoadingView.xib */,
			);
			path = AKILoadingView;
			sourceTree = "<group>";
		};
		843038771D50EE2100083ADE /* Source */ = {
			isa = PBXGroup;
			children = (
				843039231D6C7DD500083ADE /* Categories */,
				848EE68F1D48D3EA00B7F780 /* Resources */,
				8430387D1D50EE2100083ADE /* Models */,
				843038811D50EE2100083ADE /* UI */,
			);
			path = Source;
			sourceTree = "<group>";
		};
		8430387D1D50EE2100083ADE /* Models */ = {
			isa = PBXGroup;
			children = (
				843039561D75C08000083ADE /* AKIArrayChangeModel */,
				8430391C1D6A2EE400083ADE /* AKIArrayModel */,
				843038F81D63457300083ADE /* AKIImageModel */,
				843038C01D5C8D4100083ADE /* AKIUser */,
			);
			path = Models;
			sourceTree = "<group>";
		};
		843038811D50EE2100083ADE /* UI */ = {
			isa = PBXGroup;
			children = (
				8430393C1D6F0DDB00083ADE /* AKIUsersViewController */,
			);
			path = UI;
			sourceTree = "<group>";
		};
		843038941D50EE3200083ADE /* Library */ = {
			isa = PBXGroup;
			children = (
				843038CC1D5C97B400083ADE /* Classes */,
				843038C41D5C970100083ADE /* AKIMacro */,
			);
			path = Library;
			sourceTree = "<group>";
		};
		843038B61D5921D000083ADE /* Images */ = {
			isa = PBXGroup;
			children = (
				843038B71D5921D000083ADE /* image.jpg */,
			);
			path = Images;
			sourceTree = "<group>";
		};
		843038C01D5C8D4100083ADE /* AKIUser */ = {
			isa = PBXGroup;
			children = (
				843038C11D5C8D4100083ADE /* AKIUser.h */,
				843038C21D5C8D4100083ADE /* AKIUser.m */,
			);
			path = AKIUser;
			sourceTree = "<group>";
		};
		843038C41D5C970100083ADE /* AKIMacro */ = {
			isa = PBXGroup;
			children = (
				843038C51D5C970100083ADE /* AKIMacro.h */,
				843038C61D5C970100083ADE /* AKIMacro.m */,
			);
			path = AKIMacro;
			sourceTree = "<group>";
		};
		843038CC1D5C97B400083ADE /* Classes */ = {
			isa = PBXGroup;
			children = (
				8430394E1D719F6700083ADE /* AKIObservableObject */,
				843039381D6CB16400083ADE /* GCD */,
				843039051D65CC2700083ADE /* AKITableViewCell */,
			);
			path = Classes;
			sourceTree = "<group>";
		};
		843038F81D63457300083ADE /* AKIImageModel */ = {
			isa = PBXGroup;
			children = (
				843038F91D63457300083ADE /* AKIImageModel.h */,
				843038FA1D63457300083ADE /* AKIImageModel.m */,
			);
			path = AKIImageModel;
			sourceTree = "<group>";
		};
		843039051D65CC2700083ADE /* AKITableViewCell */ = {
			isa = PBXGroup;
			children = (
				843039061D65CC6800083ADE /* AKITableViewCell.h */,
				843039071D65CC6800083ADE /* AKITableViewCell.m */,
			);
			path = AKITableViewCell;
			sourceTree = "<group>";
		};
		8430391C1D6A2EE400083ADE /* AKIArrayModel */ = {
			isa = PBXGroup;
			children = (
				841A439B1D89ABD100297BF5 /* AKIFilteredArrayModel */,
				843039621D79B0FD00083ADE /* AKIUsersArrayModel */,
				8430391D1D6A2EFD00083ADE /* AKIArrayModel.h */,
				8430391E1D6A2EFD00083ADE /* AKIArrayModel.m */,
			);
			path = AKIArrayModel;
			sourceTree = "<group>";
		};
		843039231D6C7DD500083ADE /* Categories */ = {
			isa = PBXGroup;
			children = (
				841A43931D849BCE00297BF5 /* NSBundle */,
				843039CE1D8306AD00083ADE /* UIWindow */,
				8430395E1D78882400083ADE /* UIViewController */,
				8430395A1D75E42100083ADE /* NSMutableArray */,
				843039241D6C7DD500083ADE /* NSArray */,
				843039271D6C7DD500083ADE /* NSString */,
				8430392A1D6C7DD500083ADE /* UINib */,
				8430392D1D6C7DD500083ADE /* UITableView */,
			);
			path = Categories;
			sourceTree = "<group>";
		};
		843039241D6C7DD500083ADE /* NSArray */ = {
			isa = PBXGroup;
			children = (
				843039251D6C7DD500083ADE /* NSArray+AKIExtensions.h */,
				843039261D6C7DD500083ADE /* NSArray+AKIExtensions.m */,
			);
			path = NSArray;
			sourceTree = "<group>";
		};
		843039271D6C7DD500083ADE /* NSString */ = {
			isa = PBXGroup;
			children = (
				843039281D6C7DD500083ADE /* NSString+AKIExtensions.h */,
				843039291D6C7DD500083ADE /* NSString+AKIExtensions.m */,
			);
			path = NSString;
			sourceTree = "<group>";
		};
		8430392A1D6C7DD500083ADE /* UINib */ = {
			isa = PBXGroup;
			children = (
				8430392B1D6C7DD500083ADE /* UINib+AKIExtensions.h */,
				8430392C1D6C7DD500083ADE /* UINib+AKIExtensions.m */,
			);
			path = UINib;
			sourceTree = "<group>";
		};
		8430392D1D6C7DD500083ADE /* UITableView */ = {
			isa = PBXGroup;
			children = (
				843039A51D7EF97100083ADE /* AKIArrayChangeModel */,
				8430392E1D6C7DD500083ADE /* UITableView+AKIExtensions.h */,
				8430392F1D6C7DD500083ADE /* UITableView+AKIExtensions.m */,
			);
			path = UITableView;
			sourceTree = "<group>";
		};
		843039381D6CB16400083ADE /* GCD */ = {
			isa = PBXGroup;
			children = (
				843039391D6CB16400083ADE /* AKIGCD.h */,
				8430393A1D6CB16400083ADE /* AKIGCD.m */,
			);
			path = GCD;
			sourceTree = "<group>";
		};
		8430393C1D6F0DDB00083ADE /* AKIUsersViewController */ = {
			isa = PBXGroup;
			children = (
				843039421D6F0DDC00083ADE /* Views */,
				8430393E1D6F0DDC00083ADE /* AKIUsersViewController.h */,
				8430394C1D6F1D6C00083ADE /* AKIUsersViewController.m */,
				8430393F1D6F0DDC00083ADE /* AKIUsersViewController.xib */,
				843039401D6F0DDC00083ADE /* AKIUserView.h */,
				843039411D6F0DDC00083ADE /* AKIUserView.m */,
			);
			path = AKIUsersViewController;
			sourceTree = "<group>";
		};
		843039421D6F0DDC00083ADE /* Views */ = {
			isa = PBXGroup;
			children = (
				848A319A1D8C471A00622365 /* AKIPreview */,
				841A43A31D8AF35700297BF5 /* AKILoadingView */,
				841A439F1D8AF22900297BF5 /* AKIImageView */,
				843039431D6F0DDC00083ADE /* AKIUserCell */,
			);
			path = Views;
			sourceTree = "<group>";
		};
		843039431D6F0DDC00083ADE /* AKIUserCell */ = {
			isa = PBXGroup;
			children = (
				843039441D6F0DDC00083ADE /* AKIUserCell.h */,
				843039451D6F0DDC00083ADE /* AKIUserCell.m */,
				843039461D6F0DDC00083ADE /* AKIUserCell.xib */,
			);
			path = AKIUserCell;
			sourceTree = "<group>";
		};
		8430394E1D719F6700083ADE /* AKIObservableObject */ = {
			isa = PBXGroup;
			children = (
				8430394F1D719F6700083ADE /* AKIObservableObject.h */,
				843039501D719F6700083ADE /* AKIObservableObject.m */,
			);
			path = AKIObservableObject;
			sourceTree = "<group>";
		};
		843039561D75C08000083ADE /* AKIArrayChangeModel */ = {
			isa = PBXGroup;
			children = (
				843039B91D82E69200083ADE /* AKIArrayChangeModelState */,
				843039571D75C0B000083ADE /* AKIArrayChangeModel.h */,
				843039581D75C0B000083ADE /* AKIArrayChangeModel.m */,
			);
			path = AKIArrayChangeModel;
			sourceTree = "<group>";
		};
		8430395A1D75E42100083ADE /* NSMutableArray */ = {
			isa = PBXGroup;
			children = (
				8430395B1D75E44F00083ADE /* NSMutableArray+AKIExtension.h */,
				8430395C1D75E44F00083ADE /* NSMutableArray+AKIExtension.m */,
			);
			path = NSMutableArray;
			sourceTree = "<group>";
		};
		8430395E1D78882400083ADE /* UIViewController */ = {
			isa = PBXGroup;
			children = (
				8430395F1D78884E00083ADE /* UIViewController+AKIExtensions.h */,
				843039601D78884E00083ADE /* UIViewController+AKIExtensions.m */,
			);
			path = UIViewController;
			sourceTree = "<group>";
		};
		843039621D79B0FD00083ADE /* AKIUsersArrayModel */ = {
			isa = PBXGroup;
			children = (
				843039631D79B13200083ADE /* AKIUsersArrayModel.h */,
				843039641D79B13200083ADE /* AKIUsersArrayModel.m */,
			);
			path = AKIUsersArrayModel;
			sourceTree = "<group>";
		};
		843039A51D7EF97100083ADE /* AKIArrayChangeModel */ = {
			isa = PBXGroup;
			children = (
				843039A61D7EF99200083ADE /* AKIArrayChangeModel+AKIExtensions.h */,
				843039A71D7EF99200083ADE /* AKIArrayChangeModel+AKIExtensions.m */,
			);
			path = AKIArrayChangeModel;
			sourceTree = "<group>";
		};
		843039B91D82E69200083ADE /* AKIArrayChangeModelState */ = {
			isa = PBXGroup;
			children = (
				843039BA1D82E69200083ADE /* AKIArrayChangeModelOneIndex */,
				843039C31D82E69200083ADE /* AKIArrayChangeModelTwoIndexes */,
			);
			path = AKIArrayChangeModelState;
			sourceTree = "<group>";
		};
		843039BA1D82E69200083ADE /* AKIArrayChangeModelOneIndex */ = {
			isa = PBXGroup;
			children = (
				843039BB1D82E69200083ADE /* AKIArrayChangeModelDelete */,
				843039BE1D82E69200083ADE /* AKIArrayChangeModelInsert */,
				843039C11D82E69200083ADE /* AKIArrayChangeModelOneIndex.h */,
				843039C21D82E69200083ADE /* AKIArrayChangeModelOneIndex.m */,
			);
			path = AKIArrayChangeModelOneIndex;
			sourceTree = "<group>";
		};
		843039BB1D82E69200083ADE /* AKIArrayChangeModelDelete */ = {
			isa = PBXGroup;
			children = (
				843039BC1D82E69200083ADE /* AKIArrayChangeModelDelete.h */,
				843039BD1D82E69200083ADE /* AKIArrayChangeModelDelete.m */,
			);
			path = AKIArrayChangeModelDelete;
			sourceTree = "<group>";
		};
		843039BE1D82E69200083ADE /* AKIArrayChangeModelInsert */ = {
			isa = PBXGroup;
			children = (
				843039BF1D82E69200083ADE /* AKIArrayChangeModelInsert.h */,
				843039C01D82E69200083ADE /* AKIArrayChangeModelInsert.m */,
			);
			path = AKIArrayChangeModelInsert;
			sourceTree = "<group>";
		};
		843039C31D82E69200083ADE /* AKIArrayChangeModelTwoIndexes */ = {
			isa = PBXGroup;
			children = (
				843039C41D82E69200083ADE /* AKIArrayChangeModelMove */,
				843039C71D82E69200083ADE /* AKIArrayChangeModelTwoIndexes.h */,
				843039C81D82E69200083ADE /* AKIArrayChangeModelTwoIndexes.m */,
			);
			path = AKIArrayChangeModelTwoIndexes;
			sourceTree = "<group>";
		};
		843039C41D82E69200083ADE /* AKIArrayChangeModelMove */ = {
			isa = PBXGroup;
			children = (
				843039C51D82E69200083ADE /* AKIArrayChangeModelMove.h */,
				843039C61D82E69200083ADE /* AKIArrayChangeModelMove.m */,
			);
			path = AKIArrayChangeModelMove;
			sourceTree = "<group>";
		};
		843039CE1D8306AD00083ADE /* UIWindow */ = {
			isa = PBXGroup;
			children = (
				843039CF1D8306D500083ADE /* UIWindow+AKIExtensions.h */,
				843039D01D8306D500083ADE /* UIWindow+AKIExtensions.m */,
			);
			path = UIWindow;
			sourceTree = "<group>";
		};
		848A319A1D8C471A00622365 /* AKIPreview */ = {
			isa = PBXGroup;
			children = (
			);
			name = AKIPreview;
			sourceTree = "<group>";
		};
		848EE6541D48CEEE00B7F780 = {
			isa = PBXGroup;
			children = (
				843038941D50EE3200083ADE /* Library */,
				843038771D50EE2100083ADE /* Source */,
				848EE6CC1D48DD5300B7F780 /* iOSProject */,
				848EE67C1D48CFE700B7F780 /* iOSProjectTests */,
				848EE65E1D48CEEE00B7F780 /* Products */,
				E26017C6903F18B5D7B3C254 /* Pods */,
				EB42B2D4BA7FD92FE33ABBE2 /* Frameworks */,
			);
			sourceTree = "<group>";
		};
		848EE65E1D48CEEE00B7F780 /* Products */ = {
			isa = PBXGroup;
			children = (
				848EE65D1D48CEEE00B7F780 /* iOSProject.app */,
				848EE67B1D48CFE700B7F780 /* iOSProjectTests.xctest */,
			);
			name = Products;
			sourceTree = "<group>";
		};
		848EE67C1D48CFE700B7F780 /* iOSProjectTests */ = {
			isa = PBXGroup;
			children = (
				848EE6C91D48D79F00B7F780 /* Specs */,
				848EE67D1D48CFE700B7F780 /* iOSProjectTests.m */,
			);
			path = iOSProjectTests;
			sourceTree = "<group>";
		};
		848EE68F1D48D3EA00B7F780 /* Resources */ = {
			isa = PBXGroup;
			children = (
				843038B61D5921D000083ADE /* Images */,
				848EE7071D490B1A00B7F780 /* Main.storyboard */,
				848EE6901D48D3EA00B7F780 /* Assets.xcassets */,
				848EE6911D48D3EA00B7F780 /* LaunchScreen.storyboard */,
			);
			name = Resources;
			path = ../Resources;
			sourceTree = "<group>";
		};
		848EE6C91D48D79F00B7F780 /* Specs */ = {
			isa = PBXGroup;
			children = (
			);
			path = Specs;
			sourceTree = "<group>";
		};
		848EE6CC1D48DD5300B7F780 /* iOSProject */ = {
			isa = PBXGroup;
			children = (
				848EE6FB1D48F7FB00B7F780 /* AKIAppDelegate.h */,
				848EE6FC1D48F7FB00B7F780 /* AKIAppDelegate.m */,
				848EE6CE1D48DD5300B7F780 /* main.m */,
				848EE6CD1D48DD5300B7F780 /* Info.plist */,
			);
			path = iOSProject;
			sourceTree = "<group>";
		};
		E26017C6903F18B5D7B3C254 /* Pods */ = {
			isa = PBXGroup;
			children = (
				11302A621AB4E5C9756705C0 /* Pods-iOSProject.debug.xcconfig */,
				6E034D21D28E3456E96FEDFC /* Pods-iOSProject.release.xcconfig */,
				DADE9593A11952A892FE14DC /* Pods-iOSProjectTests.debug.xcconfig */,
				664109B08106708294D9A04F /* Pods-iOSProjectTests.release.xcconfig */,
			);
			name = Pods;
			sourceTree = "<group>";
		};
		EB42B2D4BA7FD92FE33ABBE2 /* Frameworks */ = {
			isa = PBXGroup;
			children = (
				DAF4BDE66977EDE9EA23314F /* libPods-iOSProject.a */,
				C1DD131D430834B8AAACB0A2 /* libPods-iOSProjectTests.a */,
			);
			name = Frameworks;
			sourceTree = "<group>";
		};
/* End PBXGroup section */

/* Begin PBXNativeTarget section */
		848EE65C1D48CEEE00B7F780 /* iOSProject */ = {
			isa = PBXNativeTarget;
			buildConfigurationList = 848EE6741D48CEEE00B7F780 /* Build configuration list for PBXNativeTarget "iOSProject" */;
			buildPhases = (
				12888C66DF1D2C5246BF384C /* [CP] Check Pods Manifest.lock */,
				848EE6591D48CEEE00B7F780 /* Sources */,
				848EE65A1D48CEEE00B7F780 /* Frameworks */,
				848EE65B1D48CEEE00B7F780 /* Resources */,
				B8A88D2168FEFE0A98B59485 /* [CP] Embed Pods Frameworks */,
				4F881BB80D07040625C14029 /* [CP] Copy Pods Resources */,
			);
			buildRules = (
			);
			dependencies = (
			);
			name = iOSProject;
			productName = iOSProject;
			productReference = 848EE65D1D48CEEE00B7F780 /* iOSProject.app */;
			productType = "com.apple.product-type.application";
		};
		848EE67A1D48CFE700B7F780 /* iOSProjectTests */ = {
			isa = PBXNativeTarget;
			buildConfigurationList = 848EE6801D48CFE700B7F780 /* Build configuration list for PBXNativeTarget "iOSProjectTests" */;
			buildPhases = (
				21A39272137D7E754DD96EE9 /* [CP] Check Pods Manifest.lock */,
				848EE6771D48CFE700B7F780 /* Sources */,
				848EE6781D48CFE700B7F780 /* Frameworks */,
				848EE6791D48CFE700B7F780 /* Resources */,
				67AA1EC1AD0116589F5585C2 /* [CP] Copy Pods Resources */,
			);
			buildRules = (
			);
			dependencies = (
			);
			name = iOSProjectTests;
			productName = iOSProjectTests;
			productReference = 848EE67B1D48CFE700B7F780 /* iOSProjectTests.xctest */;
			productType = "com.apple.product-type.bundle.ui-testing";
		};
/* End PBXNativeTarget section */

/* Begin PBXProject section */
		848EE6551D48CEEE00B7F780 /* Project object */ = {
			isa = PBXProject;
			attributes = {
				LastUpgradeCheck = 0730;
				ORGANIZATIONNAME = "Alexey Khomych";
				TargetAttributes = {
					848EE65C1D48CEEE00B7F780 = {
						CreatedOnToolsVersion = 7.3.1;
						DevelopmentTeam = WD3U2NTNC9;
					};
					848EE67A1D48CFE700B7F780 = {
						CreatedOnToolsVersion = 7.3.1;
					};
				};
			};
			buildConfigurationList = 848EE6581D48CEEE00B7F780 /* Build configuration list for PBXProject "iOSProject" */;
			compatibilityVersion = "Xcode 3.2";
			developmentRegion = English;
			hasScannedForEncodings = 0;
			knownRegions = (
				en,
				Base,
			);
			mainGroup = 848EE6541D48CEEE00B7F780;
			productRefGroup = 848EE65E1D48CEEE00B7F780 /* Products */;
			projectDirPath = "";
			projectRoot = "";
			targets = (
				848EE65C1D48CEEE00B7F780 /* iOSProject */,
				848EE67A1D48CFE700B7F780 /* iOSProjectTests */,
			);
		};
/* End PBXProject section */

/* Begin PBXResourcesBuildPhase section */
		848EE65B1D48CEEE00B7F780 /* Resources */ = {
			isa = PBXResourcesBuildPhase;
			buildActionMask = 2147483647;
			files = (
				848EE69B1D48D3EA00B7F780 /* LaunchScreen.storyboard in Resources */,
				848A319E1D8C47C400622365 /* AKILoadingView.xib in Resources */,
				843039481D6F0DDC00083ADE /* AKIUsersViewController.xib in Resources */,
				848EE7091D490B1A00B7F780 /* Main.storyboard in Resources */,
				848EE69A1D48D3EA00B7F780 /* Assets.xcassets in Resources */,
				848EE6CF1D48DD5300B7F780 /* Info.plist in Resources */,
				843038B81D5921D000083ADE /* image.jpg in Resources */,
				8430394B1D6F0DDC00083ADE /* AKIUserCell.xib in Resources */,
			);
			runOnlyForDeploymentPostprocessing = 0;
		};
		848EE6791D48CFE700B7F780 /* Resources */ = {
			isa = PBXResourcesBuildPhase;
			buildActionMask = 2147483647;
			files = (
				848EE6C61D48D76400B7F780 /* Assets.xcassets in Resources */,
				848EE6C71D48D76800B7F780 /* LaunchScreen.storyboard in Resources */,
			);
			runOnlyForDeploymentPostprocessing = 0;
		};
/* End PBXResourcesBuildPhase section */

/* Begin PBXShellScriptBuildPhase section */
		12888C66DF1D2C5246BF384C /* [CP] Check Pods Manifest.lock */ = {
			isa = PBXShellScriptBuildPhase;
			buildActionMask = 2147483647;
			files = (
			);
			inputPaths = (
			);
			name = "[CP] Check Pods Manifest.lock";
			outputPaths = (
			);
			runOnlyForDeploymentPostprocessing = 0;
			shellPath = /bin/sh;
			shellScript = "diff \"${PODS_ROOT}/../Podfile.lock\" \"${PODS_ROOT}/Manifest.lock\" > /dev/null\nif [[ $? != 0 ]] ; then\n    cat << EOM\nerror: The sandbox is not in sync with the Podfile.lock. Run 'pod install' or update your CocoaPods installation.\nEOM\n    exit 1\nfi\n";
			showEnvVarsInLog = 0;
		};
		21A39272137D7E754DD96EE9 /* [CP] Check Pods Manifest.lock */ = {
			isa = PBXShellScriptBuildPhase;
			buildActionMask = 2147483647;
			files = (
			);
			inputPaths = (
			);
			name = "[CP] Check Pods Manifest.lock";
			outputPaths = (
			);
			runOnlyForDeploymentPostprocessing = 0;
			shellPath = /bin/sh;
			shellScript = "diff \"${PODS_ROOT}/../Podfile.lock\" \"${PODS_ROOT}/Manifest.lock\" > /dev/null\nif [[ $? != 0 ]] ; then\n    cat << EOM\nerror: The sandbox is not in sync with the Podfile.lock. Run 'pod install' or update your CocoaPods installation.\nEOM\n    exit 1\nfi\n";
			showEnvVarsInLog = 0;
		};
		4F881BB80D07040625C14029 /* [CP] Copy Pods Resources */ = {
			isa = PBXShellScriptBuildPhase;
			buildActionMask = 2147483647;
			files = (
			);
			inputPaths = (
			);
			name = "[CP] Copy Pods Resources";
			outputPaths = (
			);
			runOnlyForDeploymentPostprocessing = 0;
			shellPath = /bin/sh;
			shellScript = "\"${SRCROOT}/Pods/Target Support Files/Pods-iOSProject/Pods-iOSProject-resources.sh\"\n";
			showEnvVarsInLog = 0;
		};
		67AA1EC1AD0116589F5585C2 /* [CP] Copy Pods Resources */ = {
			isa = PBXShellScriptBuildPhase;
			buildActionMask = 2147483647;
			files = (
			);
			inputPaths = (
			);
			name = "[CP] Copy Pods Resources";
			outputPaths = (
			);
			runOnlyForDeploymentPostprocessing = 0;
			shellPath = /bin/sh;
			shellScript = "\"${SRCROOT}/Pods/Target Support Files/Pods-iOSProjectTests/Pods-iOSProjectTests-resources.sh\"\n";
			showEnvVarsInLog = 0;
		};
		B8A88D2168FEFE0A98B59485 /* [CP] Embed Pods Frameworks */ = {
			isa = PBXShellScriptBuildPhase;
			buildActionMask = 2147483647;
			files = (
			);
			inputPaths = (
			);
			name = "[CP] Embed Pods Frameworks";
			outputPaths = (
			);
			runOnlyForDeploymentPostprocessing = 0;
			shellPath = /bin/sh;
			shellScript = "\"${SRCROOT}/Pods/Target Support Files/Pods-iOSProject/Pods-iOSProject-frameworks.sh\"\n";
			showEnvVarsInLog = 0;
		};
/* End PBXShellScriptBuildPhase section */

/* Begin PBXSourcesBuildPhase section */
		848EE6591D48CEEE00B7F780 /* Sources */ = {
			isa = PBXSourcesBuildPhase;
			buildActionMask = 2147483647;
			files = (
				843039D11D8306D500083ADE /* UIWindow+AKIExtensions.m in Sources */,
				843039C91D82E69300083ADE /* AKIArrayChangeModelDelete.m in Sources */,
				841A43961D849BEF00297BF5 /* NSBundle+AKIExtensions.m in Sources */,
				8430395D1D75E44F00083ADE /* NSMutableArray+AKIExtension.m in Sources */,
				8430394D1D6F1D6C00083ADE /* AKIUsersViewController.m in Sources */,
				843039081D65CC6800083ADE /* AKITableViewCell.m in Sources */,
				841A439E1D89ABEC00297BF5 /* AKIFilteredArrayModel.m in Sources */,
				843039611D78884E00083ADE /* UIViewController+AKIExtensions.m in Sources */,
				843038C81D5C970100083ADE /* AKIMacro.m in Sources */,
				843039331D6C7DD500083ADE /* UITableView+AKIExtensions.m in Sources */,
				843039311D6C7DD500083ADE /* NSString+AKIExtensions.m in Sources */,
				843039CC1D82E69300083ADE /* AKIArrayChangeModelMove.m in Sources */,
				843039511D719F6700083ADE /* AKIObservableObject.m in Sources */,
				848EE6FD1D48F7FB00B7F780 /* AKIAppDelegate.m in Sources */,
				843039491D6F0DDC00083ADE /* AKIUserView.m in Sources */,
				843039321D6C7DD500083ADE /* UINib+AKIExtensions.m in Sources */,
				843039A81D7EF99200083ADE /* AKIArrayChangeModel+AKIExtensions.m in Sources */,
				843039CB1D82E69300083ADE /* AKIArrayChangeModelOneIndex.m in Sources */,
				841A43A61D8AF38400297BF5 /* AKILoadingView.m in Sources */,
				843039301D6C7DD500083ADE /* NSArray+AKIExtensions.m in Sources */,
				843038C31D5C8D4100083ADE /* AKIUser.m in Sources */,
				843039651D79B13200083ADE /* AKIUsersArrayModel.m in Sources */,
				8430394A1D6F0DDC00083ADE /* AKIUserCell.m in Sources */,
				841A43A21D8AF2D600297BF5 /* AKIImageView.m in Sources */,
				843039CD1D82E69300083ADE /* AKIArrayChangeModelTwoIndexes.m in Sources */,
				843038FB1D63457300083ADE /* AKIImageModel.m in Sources */,
				848EE6D01D48DD5300B7F780 /* main.m in Sources */,
				843039CA1D82E69300083ADE /* AKIArrayChangeModelInsert.m in Sources */,
				843039591D75C0B000083ADE /* AKIArrayChangeModel.m in Sources */,
				8430393B1D6CB16400083ADE /* AKIGCD.m in Sources */,
				8430391F1D6A2EFD00083ADE /* AKIArrayModel.m in Sources */,
			);
			runOnlyForDeploymentPostprocessing = 0;
		};
		848EE6771D48CFE700B7F780 /* Sources */ = {
			isa = PBXSourcesBuildPhase;
			buildActionMask = 2147483647;
			files = (
				848EE67E1D48CFE700B7F780 /* iOSProjectTests.m in Sources */,
			);
			runOnlyForDeploymentPostprocessing = 0;
		};
/* End PBXSourcesBuildPhase section */

/* Begin PBXVariantGroup section */
		848EE6911D48D3EA00B7F780 /* LaunchScreen.storyboard */ = {
			isa = PBXVariantGroup;
			children = (
				848EE6921D48D3EA00B7F780 /* Base */,
			);
			name = LaunchScreen.storyboard;
			sourceTree = "<group>";
		};
		848EE7071D490B1A00B7F780 /* Main.storyboard */ = {
			isa = PBXVariantGroup;
			children = (
				848EE7081D490B1A00B7F780 /* Base */,
			);
			name = Main.storyboard;
			sourceTree = "<group>";
		};
/* End PBXVariantGroup section */

/* Begin XCBuildConfiguration section */
		848EE6721D48CEEE00B7F780 /* Debug */ = {
			isa = XCBuildConfiguration;
			buildSettings = {
				ALWAYS_SEARCH_USER_PATHS = NO;
				CLANG_ANALYZER_NONNULL = YES;
				CLANG_CXX_LANGUAGE_STANDARD = "gnu++0x";
				CLANG_CXX_LIBRARY = "libc++";
				CLANG_ENABLE_MODULES = YES;
				CLANG_ENABLE_OBJC_ARC = YES;
				CLANG_WARN_BOOL_CONVERSION = YES;
				CLANG_WARN_CONSTANT_CONVERSION = YES;
				CLANG_WARN_DIRECT_OBJC_ISA_USAGE = YES_ERROR;
				CLANG_WARN_EMPTY_BODY = YES;
				CLANG_WARN_ENUM_CONVERSION = YES;
				CLANG_WARN_INT_CONVERSION = YES;
				CLANG_WARN_OBJC_ROOT_CLASS = YES_ERROR;
				CLANG_WARN_UNREACHABLE_CODE = YES;
				CLANG_WARN__DUPLICATE_METHOD_MATCH = YES;
				"CODE_SIGN_IDENTITY[sdk=iphoneos*]" = "iPhone Developer";
				COPY_PHASE_STRIP = NO;
				DEBUG_INFORMATION_FORMAT = dwarf;
				ENABLE_STRICT_OBJC_MSGSEND = YES;
				ENABLE_TESTABILITY = YES;
				GCC_C_LANGUAGE_STANDARD = gnu99;
				GCC_DYNAMIC_NO_PIC = NO;
				GCC_NO_COMMON_BLOCKS = YES;
				GCC_OPTIMIZATION_LEVEL = 0;
				GCC_PREPROCESSOR_DEFINITIONS = (
					"DEBUG=1",
					"$(inherited)",
				);
				GCC_WARN_64_TO_32_BIT_CONVERSION = YES;
				GCC_WARN_ABOUT_RETURN_TYPE = YES_ERROR;
				GCC_WARN_UNDECLARED_SELECTOR = YES;
				GCC_WARN_UNINITIALIZED_AUTOS = YES_AGGRESSIVE;
				GCC_WARN_UNUSED_FUNCTION = YES;
				GCC_WARN_UNUSED_VARIABLE = YES;
				IPHONEOS_DEPLOYMENT_TARGET = 9.3;
				MTL_ENABLE_DEBUG_INFO = YES;
				ONLY_ACTIVE_ARCH = YES;
				SDKROOT = iphoneos;
			};
			name = Debug;
		};
		848EE6731D48CEEE00B7F780 /* Release */ = {
			isa = XCBuildConfiguration;
			buildSettings = {
				ALWAYS_SEARCH_USER_PATHS = NO;
				CLANG_ANALYZER_NONNULL = YES;
				CLANG_CXX_LANGUAGE_STANDARD = "gnu++0x";
				CLANG_CXX_LIBRARY = "libc++";
				CLANG_ENABLE_MODULES = YES;
				CLANG_ENABLE_OBJC_ARC = YES;
				CLANG_WARN_BOOL_CONVERSION = YES;
				CLANG_WARN_CONSTANT_CONVERSION = YES;
				CLANG_WARN_DIRECT_OBJC_ISA_USAGE = YES_ERROR;
				CLANG_WARN_EMPTY_BODY = YES;
				CLANG_WARN_ENUM_CONVERSION = YES;
				CLANG_WARN_INT_CONVERSION = YES;
				CLANG_WARN_OBJC_ROOT_CLASS = YES_ERROR;
				CLANG_WARN_UNREACHABLE_CODE = YES;
				CLANG_WARN__DUPLICATE_METHOD_MATCH = YES;
				"CODE_SIGN_IDENTITY[sdk=iphoneos*]" = "iPhone Developer";
				COPY_PHASE_STRIP = NO;
				DEBUG_INFORMATION_FORMAT = "dwarf-with-dsym";
				ENABLE_NS_ASSERTIONS = NO;
				ENABLE_STRICT_OBJC_MSGSEND = YES;
				GCC_C_LANGUAGE_STANDARD = gnu99;
				GCC_NO_COMMON_BLOCKS = YES;
				GCC_WARN_64_TO_32_BIT_CONVERSION = YES;
				GCC_WARN_ABOUT_RETURN_TYPE = YES_ERROR;
				GCC_WARN_UNDECLARED_SELECTOR = YES;
				GCC_WARN_UNINITIALIZED_AUTOS = YES_AGGRESSIVE;
				GCC_WARN_UNUSED_FUNCTION = YES;
				GCC_WARN_UNUSED_VARIABLE = YES;
				IPHONEOS_DEPLOYMENT_TARGET = 9.3;
				MTL_ENABLE_DEBUG_INFO = NO;
				SDKROOT = iphoneos;
				VALIDATE_PRODUCT = YES;
			};
			name = Release;
		};
		848EE6751D48CEEE00B7F780 /* Debug */ = {
			isa = XCBuildConfiguration;
			baseConfigurationReference = 11302A621AB4E5C9756705C0 /* Pods-iOSProject.debug.xcconfig */;
			buildSettings = {
				ASSETCATALOG_COMPILER_APPICON_NAME = AppIcon;
				INFOPLIST_FILE = iOSProject/Info.plist;
				IPHONEOS_DEPLOYMENT_TARGET = 9.0;
				LD_RUNPATH_SEARCH_PATHS = "$(inherited) @executable_path/Frameworks";
				PRODUCT_BUNDLE_IDENTIFIER = AKI.iOSProject;
				PRODUCT_NAME = "$(TARGET_NAME)";
			};
			name = Debug;
		};
		848EE6761D48CEEE00B7F780 /* Release */ = {
			isa = XCBuildConfiguration;
			baseConfigurationReference = 6E034D21D28E3456E96FEDFC /* Pods-iOSProject.release.xcconfig */;
			buildSettings = {
				ASSETCATALOG_COMPILER_APPICON_NAME = AppIcon;
				INFOPLIST_FILE = iOSProject/Info.plist;
				IPHONEOS_DEPLOYMENT_TARGET = 9.0;
				LD_RUNPATH_SEARCH_PATHS = "$(inherited) @executable_path/Frameworks";
				PRODUCT_BUNDLE_IDENTIFIER = AKI.iOSProject;
				PRODUCT_NAME = "$(TARGET_NAME)";
			};
			name = Release;
		};
		848EE6811D48CFE700B7F780 /* Debug */ = {
			isa = XCBuildConfiguration;
			baseConfigurationReference = DADE9593A11952A892FE14DC /* Pods-iOSProjectTests.debug.xcconfig */;
			buildSettings = {
				CODE_SIGN_IDENTITY = "-";
				COMBINE_HIDPI_IMAGES = YES;
				INFOPLIST_FILE = iOSProjectTests/Info.plist;
				LD_RUNPATH_SEARCH_PATHS = "$(inherited) @executable_path/../Frameworks @loader_path/../Frameworks";
				MACOSX_DEPLOYMENT_TARGET = 10.11;
				PRODUCT_BUNDLE_IDENTIFIER = AKI.iOSProjectTests;
				PRODUCT_NAME = "$(TARGET_NAME)";
				SDKROOT = macosx;
			};
			name = Debug;
		};
		848EE6821D48CFE700B7F780 /* Release */ = {
			isa = XCBuildConfiguration;
			baseConfigurationReference = 664109B08106708294D9A04F /* Pods-iOSProjectTests.release.xcconfig */;
			buildSettings = {
				CODE_SIGN_IDENTITY = "-";
				COMBINE_HIDPI_IMAGES = YES;
				INFOPLIST_FILE = iOSProjectTests/Info.plist;
				LD_RUNPATH_SEARCH_PATHS = "$(inherited) @executable_path/../Frameworks @loader_path/../Frameworks";
				MACOSX_DEPLOYMENT_TARGET = 10.11;
				PRODUCT_BUNDLE_IDENTIFIER = AKI.iOSProjectTests;
				PRODUCT_NAME = "$(TARGET_NAME)";
				SDKROOT = macosx;
			};
			name = Release;
		};
/* End XCBuildConfiguration section */

/* Begin XCConfigurationList section */
		848EE6581D48CEEE00B7F780 /* Build configuration list for PBXProject "iOSProject" */ = {
			isa = XCConfigurationList;
			buildConfigurations = (
				848EE6721D48CEEE00B7F780 /* Debug */,
				848EE6731D48CEEE00B7F780 /* Release */,
			);
			defaultConfigurationIsVisible = 0;
			defaultConfigurationName = Release;
		};
		848EE6741D48CEEE00B7F780 /* Build configuration list for PBXNativeTarget "iOSProject" */ = {
			isa = XCConfigurationList;
			buildConfigurations = (
				848EE6751D48CEEE00B7F780 /* Debug */,
				848EE6761D48CEEE00B7F780 /* Release */,
			);
			defaultConfigurationIsVisible = 0;
			defaultConfigurationName = Release;
		};
		848EE6801D48CFE700B7F780 /* Build configuration list for PBXNativeTarget "iOSProjectTests" */ = {
			isa = XCConfigurationList;
			buildConfigurations = (
				848EE6811D48CFE700B7F780 /* Debug */,
				848EE6821D48CFE700B7F780 /* Release */,
			);
			defaultConfigurationIsVisible = 0;
			defaultConfigurationName = Release;
		};
/* End XCConfigurationList section */
	};
	rootObject = 848EE6551D48CEEE00B7F780 /* Project object */;
}
